# THIS IS AN AUTOGENERATED FILE. DO NOT EDIT THIS FILE DIRECTLY.
# yarn lockfile v1


"@babel/code-frame@^7.24.2":
  version "7.26.2"
  resolved "https://registry.yarnpkg.com/@babel/code-frame/-/code-frame-7.26.2.tgz#4b5fab97d33338eff916235055f0ebc21e573a85"
  integrity sha512-RJlIHRueQgwWitWgF8OdFYGZX328Ax5BCemNGlqHfplnRT9ESi8JkFlvaVYbS+UubVY6dpv87Fs2u5M29iNFVQ==
  dependencies:
    "@babel/helper-validator-identifier" "^7.25.9"
    js-tokens "^4.0.0"
    picocolors "^1.0.0"

"@babel/helper-validator-identifier@^7.25.9":
  version "7.25.9"
  resolved "https://registry.yarnpkg.com/@babel/helper-validator-identifier/-/helper-validator-identifier-7.25.9.tgz#24b64e2c3ec7cd3b3c547729b8d16871f22cbdc7"
  integrity sha512-Ed61U6XJc3CVRfkERJWDz4dJwKe7iLmmJsbOGu9wSloNSFttHV0I8g6UAgb7qnK5ly5bGLPd4oXZlxCdANBOWQ==

"@codemirror/language@^6.10.3":
  version "6.10.8"
  resolved "https://registry.yarnpkg.com/@codemirror/language/-/language-6.10.8.tgz#3e3a346a2b0a8cf63ee1cfe03349eb1965dce5f9"
  integrity sha512-wcP8XPPhDH2vTqf181U8MbZnW+tDyPYy0UzVOa+oHORjyT+mhhom9vBd7dApJwoDz9Nb/a8kHjJIsuA/t8vNFw==
  dependencies:
    "@codemirror/state" "^6.0.0"
    "@codemirror/view" "^6.23.0"
    "@lezer/common" "^1.1.0"
    "@lezer/highlight" "^1.0.0"
    "@lezer/lr" "^1.0.0"
    style-mod "^4.0.0"

"@codemirror/state@^6.0.0", "@codemirror/state@^6.4.1", "@codemirror/state@^6.5.0":
  version "6.5.0"
  resolved "https://registry.yarnpkg.com/@codemirror/state/-/state-6.5.0.tgz#e98dde85620618651543152fe1c2483300a0ccc9"
  integrity sha512-MwBHVK60IiIHDcoMet78lxt6iw5gJOGSbNbOIVBHWVXIH4/Nq1+GQgLLGgI1KlnN86WDXsPudVaqYHKBIx7Eyw==
  dependencies:
    "@marijn/find-cluster-break" "^1.0.0"

"@codemirror/view@^6.23.0":
  version "6.36.1"
  resolved "https://registry.yarnpkg.com/@codemirror/view/-/view-6.36.1.tgz#3c543b8fd72c96b30c4b2b1464d1ebce7e0c5c4b"
  integrity sha512-miD1nyT4m4uopZaDdO2uXU/LLHliKNYL9kB1C1wJHrunHLm/rpkb5QVSokqgw9hFqEZakrdlb/VGWX8aYZTslQ==
  dependencies:
    "@codemirror/state" "^6.5.0"
    style-mod "^4.1.0"
    w3c-keyname "^2.2.4"

"@esbuild/aix-ppc64@0.25.0":
  version "0.25.0"
  resolved "https://registry.yarnpkg.com/@esbuild/aix-ppc64/-/aix-ppc64-0.25.0.tgz#499600c5e1757a524990d5d92601f0ac3ce87f64"
  integrity sha512-O7vun9Sf8DFjH2UtqK8Ku3LkquL9SZL8OLY1T5NZkA34+wG3OQF7cl4Ql8vdNzM6fzBbYfLaiRLIOZ+2FOCgBQ==

"@esbuild/android-arm64@0.25.0":
  version "0.25.0"
  resolved "https://registry.yarnpkg.com/@esbuild/android-arm64/-/android-arm64-0.25.0.tgz#b9b8231561a1dfb94eb31f4ee056b92a985c324f"
  integrity sha512-grvv8WncGjDSyUBjN9yHXNt+cq0snxXbDxy5pJtzMKGmmpPxeAmAhWxXI+01lU5rwZomDgD3kJwulEnhTRUd6g==

"@esbuild/android-arm@0.25.0":
  version "0.25.0"
  resolved "https://registry.yarnpkg.com/@esbuild/android-arm/-/android-arm-0.25.0.tgz#ca6e7888942505f13e88ac9f5f7d2a72f9facd2b"
  integrity sha512-PTyWCYYiU0+1eJKmw21lWtC+d08JDZPQ5g+kFyxP0V+es6VPPSUhM6zk8iImp2jbV6GwjX4pap0JFbUQN65X1g==

"@esbuild/android-x64@0.25.0":
  version "0.25.0"
  resolved "https://registry.yarnpkg.com/@esbuild/android-x64/-/android-x64-0.25.0.tgz#e765ea753bac442dfc9cb53652ce8bd39d33e163"
  integrity sha512-m/ix7SfKG5buCnxasr52+LI78SQ+wgdENi9CqyCXwjVR2X4Jkz+BpC3le3AoBPYTC9NHklwngVXvbJ9/Akhrfg==

"@esbuild/darwin-arm64@0.25.0":
  version "0.25.0"
  resolved "https://registry.yarnpkg.com/@esbuild/darwin-arm64/-/darwin-arm64-0.25.0.tgz#fa394164b0d89d4fdc3a8a21989af70ef579fa2c"
  integrity sha512-mVwdUb5SRkPayVadIOI78K7aAnPamoeFR2bT5nszFUZ9P8UpK4ratOdYbZZXYSqPKMHfS1wdHCJk1P1EZpRdvw==

"@esbuild/darwin-x64@0.25.0":
  version "0.25.0"
  resolved "https://registry.yarnpkg.com/@esbuild/darwin-x64/-/darwin-x64-0.25.0.tgz#91979d98d30ba6e7d69b22c617cc82bdad60e47a"
  integrity sha512-DgDaYsPWFTS4S3nWpFcMn/33ZZwAAeAFKNHNa1QN0rI4pUjgqf0f7ONmXf6d22tqTY+H9FNdgeaAa+YIFUn2Rg==

"@esbuild/freebsd-arm64@0.25.0":
  version "0.25.0"
  resolved "https://registry.yarnpkg.com/@esbuild/freebsd-arm64/-/freebsd-arm64-0.25.0.tgz#b97e97073310736b430a07b099d837084b85e9ce"
  integrity sha512-VN4ocxy6dxefN1MepBx/iD1dH5K8qNtNe227I0mnTRjry8tj5MRk4zprLEdG8WPyAPb93/e4pSgi1SoHdgOa4w==

"@esbuild/freebsd-x64@0.25.0":
  version "0.25.0"
  resolved "https://registry.yarnpkg.com/@esbuild/freebsd-x64/-/freebsd-x64-0.25.0.tgz#f3b694d0da61d9910ec7deff794d444cfbf3b6e7"
  integrity sha512-mrSgt7lCh07FY+hDD1TxiTyIHyttn6vnjesnPoVDNmDfOmggTLXRv8Id5fNZey1gl/V2dyVK1VXXqVsQIiAk+A==

"@esbuild/linux-arm64@0.25.0":
  version "0.25.0"
  resolved "https://registry.yarnpkg.com/@esbuild/linux-arm64/-/linux-arm64-0.25.0.tgz#f921f699f162f332036d5657cad9036f7a993f73"
  integrity sha512-9QAQjTWNDM/Vk2bgBl17yWuZxZNQIF0OUUuPZRKoDtqF2k4EtYbpyiG5/Dk7nqeK6kIJWPYldkOcBqjXjrUlmg==

"@esbuild/linux-arm@0.25.0":
  version "0.25.0"
  resolved "https://registry.yarnpkg.com/@esbuild/linux-arm/-/linux-arm-0.25.0.tgz#cc49305b3c6da317c900688995a4050e6cc91ca3"
  integrity sha512-vkB3IYj2IDo3g9xX7HqhPYxVkNQe8qTK55fraQyTzTX/fxaDtXiEnavv9geOsonh2Fd2RMB+i5cbhu2zMNWJwg==

"@esbuild/linux-ia32@0.25.0":
  version "0.25.0"
  resolved "https://registry.yarnpkg.com/@esbuild/linux-ia32/-/linux-ia32-0.25.0.tgz#3e0736fcfab16cff042dec806247e2c76e109e19"
  integrity sha512-43ET5bHbphBegyeqLb7I1eYn2P/JYGNmzzdidq/w0T8E2SsYL1U6un2NFROFRg1JZLTzdCoRomg8Rvf9M6W6Gg==

"@esbuild/linux-loong64@0.25.0":
  version "0.25.0"
  resolved "https://registry.yarnpkg.com/@esbuild/linux-loong64/-/linux-loong64-0.25.0.tgz#ea2bf730883cddb9dfb85124232b5a875b8020c7"
  integrity sha512-fC95c/xyNFueMhClxJmeRIj2yrSMdDfmqJnyOY4ZqsALkDrrKJfIg5NTMSzVBr5YW1jf+l7/cndBfP3MSDpoHw==

"@esbuild/linux-mips64el@0.25.0":
  version "0.25.0"
  resolved "https://registry.yarnpkg.com/@esbuild/linux-mips64el/-/linux-mips64el-0.25.0.tgz#4cababb14eede09248980a2d2d8b966464294ff1"
  integrity sha512-nkAMFju7KDW73T1DdH7glcyIptm95a7Le8irTQNO/qtkoyypZAnjchQgooFUDQhNAy4iu08N79W4T4pMBwhPwQ==

"@esbuild/linux-ppc64@0.25.0":
  version "0.25.0"
  resolved "https://registry.yarnpkg.com/@esbuild/linux-ppc64/-/linux-ppc64-0.25.0.tgz#8860a4609914c065373a77242e985179658e1951"
  integrity sha512-NhyOejdhRGS8Iwv+KKR2zTq2PpysF9XqY+Zk77vQHqNbo/PwZCzB5/h7VGuREZm1fixhs4Q/qWRSi5zmAiO4Fw==

"@esbuild/linux-riscv64@0.25.0":
  version "0.25.0"
  resolved "https://registry.yarnpkg.com/@esbuild/linux-riscv64/-/linux-riscv64-0.25.0.tgz#baf26e20bb2d38cfb86ee282dff840c04f4ed987"
  integrity sha512-5S/rbP5OY+GHLC5qXp1y/Mx//e92L1YDqkiBbO9TQOvuFXM+iDqUNG5XopAnXoRH3FjIUDkeGcY1cgNvnXp/kA==

"@esbuild/linux-s390x@0.25.0":
  version "0.25.0"
  resolved "https://registry.yarnpkg.com/@esbuild/linux-s390x/-/linux-s390x-0.25.0.tgz#8323afc0d6cb1b6dc6e9fd21efd9e1542c3640a4"
  integrity sha512-XM2BFsEBz0Fw37V0zU4CXfcfuACMrppsMFKdYY2WuTS3yi8O1nFOhil/xhKTmE1nPmVyvQJjJivgDT+xh8pXJA==

"@esbuild/linux-x64@0.25.0":
  version "0.25.0"
  resolved "https://registry.yarnpkg.com/@esbuild/linux-x64/-/linux-x64-0.25.0.tgz#08fcf60cb400ed2382e9f8e0f5590bac8810469a"
  integrity sha512-9yl91rHw/cpwMCNytUDxwj2XjFpxML0y9HAOH9pNVQDpQrBxHy01Dx+vaMu0N1CKa/RzBD2hB4u//nfc+Sd3Cw==

"@esbuild/netbsd-arm64@0.25.0":
  version "0.25.0"
  resolved "https://registry.yarnpkg.com/@esbuild/netbsd-arm64/-/netbsd-arm64-0.25.0.tgz#935c6c74e20f7224918fbe2e6c6fe865b6c6ea5b"
  integrity sha512-RuG4PSMPFfrkH6UwCAqBzauBWTygTvb1nxWasEJooGSJ/NwRw7b2HOwyRTQIU97Hq37l3npXoZGYMy3b3xYvPw==

"@esbuild/netbsd-x64@0.25.0":
  version "0.25.0"
  resolved "https://registry.yarnpkg.com/@esbuild/netbsd-x64/-/netbsd-x64-0.25.0.tgz#414677cef66d16c5a4d210751eb2881bb9c1b62b"
  integrity sha512-jl+qisSB5jk01N5f7sPCsBENCOlPiS/xptD5yxOx2oqQfyourJwIKLRA2yqWdifj3owQZCL2sn6o08dBzZGQzA==

"@esbuild/openbsd-arm64@0.25.0":
  version "0.25.0"
  resolved "https://registry.yarnpkg.com/@esbuild/openbsd-arm64/-/openbsd-arm64-0.25.0.tgz#8fd55a4d08d25cdc572844f13c88d678c84d13f7"
  integrity sha512-21sUNbq2r84YE+SJDfaQRvdgznTD8Xc0oc3p3iW/a1EVWeNj/SdUCbm5U0itZPQYRuRTW20fPMWMpcrciH2EJw==

"@esbuild/openbsd-x64@0.25.0":
  version "0.25.0"
  resolved "https://registry.yarnpkg.com/@esbuild/openbsd-x64/-/openbsd-x64-0.25.0.tgz#0c48ddb1494bbc2d6bcbaa1429a7f465fa1dedde"
  integrity sha512-2gwwriSMPcCFRlPlKx3zLQhfN/2WjJ2NSlg5TKLQOJdV0mSxIcYNTMhk3H3ulL/cak+Xj0lY1Ym9ysDV1igceg==

"@esbuild/sunos-x64@0.25.0":
  version "0.25.0"
  resolved "https://registry.yarnpkg.com/@esbuild/sunos-x64/-/sunos-x64-0.25.0.tgz#86ff9075d77962b60dd26203d7352f92684c8c92"
  integrity sha512-bxI7ThgLzPrPz484/S9jLlvUAHYMzy6I0XiU1ZMeAEOBcS0VePBFxh1JjTQt3Xiat5b6Oh4x7UC7IwKQKIJRIg==

"@esbuild/win32-arm64@0.25.0":
  version "0.25.0"
  resolved "https://registry.yarnpkg.com/@esbuild/win32-arm64/-/win32-arm64-0.25.0.tgz#849c62327c3229467f5b5cd681bf50588442e96c"
  integrity sha512-ZUAc2YK6JW89xTbXvftxdnYy3m4iHIkDtK3CLce8wg8M2L+YZhIvO1DKpxrd0Yr59AeNNkTiic9YLf6FTtXWMw==

"@esbuild/win32-ia32@0.25.0":
  version "0.25.0"
  resolved "https://registry.yarnpkg.com/@esbuild/win32-ia32/-/win32-ia32-0.25.0.tgz#f62eb480cd7cca088cb65bb46a6db25b725dc079"
  integrity sha512-eSNxISBu8XweVEWG31/JzjkIGbGIJN/TrRoiSVZwZ6pkC6VX4Im/WV2cz559/TXLcYbcrDN8JtKgd9DJVIo8GA==

"@esbuild/win32-x64@0.25.0":
  version "0.25.0"
  resolved "https://registry.yarnpkg.com/@esbuild/win32-x64/-/win32-x64-0.25.0.tgz#c8e119a30a7c8d60b9d2e22d2073722dde3b710b"
  integrity sha512-ZENoHJBxA20C2zFzh6AI4fT6RraMzjYw4xKWemRTRmRVtN9c5DcH9r/f2ihEkMjOW5eGgrwCslG/+Y/3bL+DHQ==

"@jridgewell/sourcemap-codec@^1.5.0":
  version "1.5.0"
  resolved "https://registry.yarnpkg.com/@jridgewell/sourcemap-codec/-/sourcemap-codec-1.5.0.tgz#3188bcb273a414b0d215fd22a58540b989b9409a"
  integrity sha512-gv3ZRaISU3fjPAgNsriBRqGWQL6quFx04YMPW/zD8XMLsU32mhCCbfbO6KZFLjvYpCZ8zyDEgqsgf+PwPaM7GQ==

"@lezer/common@^1.0.0", "@lezer/common@^1.1.0":
  version "1.2.3"
  resolved "https://registry.yarnpkg.com/@lezer/common/-/common-1.2.3.tgz#138fcddab157d83da557554851017c6c1e5667fd"
  integrity sha512-w7ojc8ejBqr2REPsWxJjrMFsA/ysDCFICn8zEOR9mrqzOu2amhITYuLD8ag6XZf0CFXDrhKqw7+tW8cX66NaDA==

"@lezer/generator@^1.7.2":
  version "1.7.2"
  resolved "https://registry.yarnpkg.com/@lezer/generator/-/generator-1.7.2.tgz#a491c91eb9f117ea803e748fa97574514156a2a3"
  integrity sha512-CwgULPOPPmH54tv4gki18bElLCdJ1+FBC+nGVSVD08vFWDsMjS7KEjNTph9JOypDnet90ujN3LzQiW3CyVODNQ==
  dependencies:
    "@lezer/common" "^1.1.0"
    "@lezer/lr" "^1.3.0"

"@lezer/highlight@^1.0.0", "@lezer/highlight@^1.2.1":
  version "1.2.1"
  resolved "https://registry.yarnpkg.com/@lezer/highlight/-/highlight-1.2.1.tgz#596fa8f9aeb58a608be0a563e960c373cbf23f8b"
  integrity sha512-Z5duk4RN/3zuVO7Jq0pGLJ3qynpxUVsh7IbUbGj88+uV2ApSAn6kWg2au3iJb+0Zi7kKtqffIESgNcRXWZWmSA==
  dependencies:
    "@lezer/common" "^1.0.0"

"@lezer/lr@^1.0.0", "@lezer/lr@^1.3.0":
  version "1.4.2"
  resolved "https://registry.yarnpkg.com/@lezer/lr/-/lr-1.4.2.tgz#931ea3dea8e9de84e90781001dae30dea9ff1727"
  integrity sha512-pu0K1jCIdnQ12aWNaAVU5bzi7Bd1w54J3ECgANPmYLtQKP0HBj2cE/5coBD66MT10xbtIuUr7tg0Shbsvk0mDA==
  dependencies:
    "@lezer/common" "^1.0.0"

"@marijn/find-cluster-break@^1.0.0":
  version "1.0.2"
  resolved "https://registry.yarnpkg.com/@marijn/find-cluster-break/-/find-cluster-break-1.0.2.tgz#775374306116d51c0c500b8c4face0f9a04752d8"
  integrity sha512-l0h88YhZFyKdXIFNfSWpyjStDjGHwZ/U7iobcK1cQQD8sejsONdQtTVU+1wVN1PBw40PiiHB1vA5S7VTfQiP9g==

"@rollup/plugin-typescript@^12.1.2":
  version "12.1.2"
  resolved "https://registry.yarnpkg.com/@rollup/plugin-typescript/-/plugin-typescript-12.1.2.tgz#ebaeec2e7376faa889030ccd7cb485a649e63118"
  integrity sha512-cdtSp154H5sv637uMr1a8OTWB0L1SWDSm1rDGiyfcGcvQ6cuTs4MDk2BVEBGysUWago4OJN4EQZqOTl/QY3Jgg==
  dependencies:
    "@rollup/pluginutils" "^5.1.0"
    resolve "^1.22.1"

"@rollup/pluginutils@^5.1.0":
  version "5.1.4"
  resolved "https://registry.yarnpkg.com/@rollup/pluginutils/-/pluginutils-5.1.4.tgz#bb94f1f9eaaac944da237767cdfee6c5b2262d4a"
  integrity sha512-USm05zrsFxYLPdWWq+K3STlWiT/3ELn3RcV5hJMghpeAIhxfsUIg6mt12CBJBInWMV4VneoV7SfGv8xIwo2qNQ==
  dependencies:
    "@types/estree" "^1.0.0"
    estree-walker "^2.0.2"
    picomatch "^4.0.2"

"@rollup/rollup-android-arm-eabi@4.29.1":
  version "4.29.1"
  resolved "https://registry.yarnpkg.com/@rollup/rollup-android-arm-eabi/-/rollup-android-arm-eabi-4.29.1.tgz#9bd38df6a29afb7f0336d988bc8112af0c8816c0"
  integrity sha512-ssKhA8RNltTZLpG6/QNkCSge+7mBQGUqJRisZ2MDQcEGaK93QESEgWK2iOpIDZ7k9zPVkG5AS3ksvD5ZWxmItw==

"@rollup/rollup-android-arm-eabi@4.34.9":
  version "4.34.9"
  resolved "https://registry.yarnpkg.com/@rollup/rollup-android-arm-eabi/-/rollup-android-arm-eabi-4.34.9.tgz#661a45a4709c70e59e596ec78daa9cb8b8d27604"
  integrity sha512-qZdlImWXur0CFakn2BJ2znJOdqYZKiedEPEVNTBrpfPjc/YuTGcaYZcdmNFTkUj3DU0ZM/AElcM8Ybww3xVLzA==

"@rollup/rollup-android-arm64@4.29.1":
  version "4.29.1"
  resolved "https://registry.yarnpkg.com/@rollup/rollup-android-arm64/-/rollup-android-arm64-4.29.1.tgz#bd1a98390e15b76eeef907175a37c5f0f9e4d214"
  integrity sha512-CaRfrV0cd+NIIcVVN/jx+hVLN+VRqnuzLRmfmlzpOzB87ajixsN/+9L5xNmkaUUvEbI5BmIKS+XTwXsHEb65Ew==

"@rollup/rollup-android-arm64@4.34.9":
  version "4.34.9"
  resolved "https://registry.yarnpkg.com/@rollup/rollup-android-arm64/-/rollup-android-arm64-4.34.9.tgz#128fe8dd510d880cf98b4cb6c7add326815a0c4b"
  integrity sha512-4KW7P53h6HtJf5Y608T1ISKvNIYLWRKMvfnG0c44M6In4DQVU58HZFEVhWINDZKp7FZps98G3gxwC1sb0wXUUg==

"@rollup/rollup-darwin-arm64@4.29.1":
  version "4.29.1"
  resolved "https://registry.yarnpkg.com/@rollup/rollup-darwin-arm64/-/rollup-darwin-arm64-4.29.1.tgz#bc6fa8a2cc77b5f367424e5e994e3537524e6879"
  integrity sha512-2ORr7T31Y0Mnk6qNuwtyNmy14MunTAMx06VAPI6/Ju52W10zk1i7i5U3vlDRWjhOI5quBcrvhkCHyF76bI7kEw==

"@rollup/rollup-darwin-arm64@4.34.9":
  version "4.34.9"
  resolved "https://registry.yarnpkg.com/@rollup/rollup-darwin-arm64/-/rollup-darwin-arm64-4.34.9.tgz#363467bc49fd0b1e17075798ac8e9ad1e1e29535"
  integrity sha512-0CY3/K54slrzLDjOA7TOjN1NuLKERBgk9nY5V34mhmuu673YNb+7ghaDUs6N0ujXR7fz5XaS5Aa6d2TNxZd0OQ==

"@rollup/rollup-darwin-x64@4.29.1":
  version "4.29.1"
  resolved "https://registry.yarnpkg.com/@rollup/rollup-darwin-x64/-/rollup-darwin-x64-4.29.1.tgz#76059c91f06b17406347b127df10f065283b2e61"
  integrity sha512-j/Ej1oanzPjmN0tirRd5K2/nncAhS9W6ICzgxV+9Y5ZsP0hiGhHJXZ2JQ53iSSjj8m6cRY6oB1GMzNn2EUt6Ng==

"@rollup/rollup-darwin-x64@4.34.9":
  version "4.34.9"
  resolved "https://registry.yarnpkg.com/@rollup/rollup-darwin-x64/-/rollup-darwin-x64-4.34.9.tgz#c2fe3d85fffe47f0ed0f076b3563ada22c8af19c"
  integrity sha512-eOojSEAi/acnsJVYRxnMkPFqcxSMFfrw7r2iD9Q32SGkb/Q9FpUY1UlAu1DH9T7j++gZ0lHjnm4OyH2vCI7l7Q==

"@rollup/rollup-freebsd-arm64@4.29.1":
  version "4.29.1"
  resolved "https://registry.yarnpkg.com/@rollup/rollup-freebsd-arm64/-/rollup-freebsd-arm64-4.29.1.tgz#83178315c0be4b4c8c1fd835e1952d2dc1eb4e6e"
  integrity sha512-91C//G6Dm/cv724tpt7nTyP+JdN12iqeXGFM1SqnljCmi5yTXriH7B1r8AD9dAZByHpKAumqP1Qy2vVNIdLZqw==

"@rollup/rollup-freebsd-arm64@4.34.9":
  version "4.34.9"
  resolved "https://registry.yarnpkg.com/@rollup/rollup-freebsd-arm64/-/rollup-freebsd-arm64-4.34.9.tgz#d95bd8f6eaaf829781144fc8bd2d5d71d9f6a9f5"
  integrity sha512-2lzjQPJbN5UnHm7bHIUKFMulGTQwdvOkouJDpPysJS+QFBGDJqcfh+CxxtG23Ik/9tEvnebQiylYoazFMAgrYw==

"@rollup/rollup-freebsd-x64@4.29.1":
  version "4.29.1"
  resolved "https://registry.yarnpkg.com/@rollup/rollup-freebsd-x64/-/rollup-freebsd-x64-4.29.1.tgz#1ef24fa0576bf7899a0a0a649156606dbd7a0d46"
  integrity sha512-hEioiEQ9Dec2nIRoeHUP6hr1PSkXzQaCUyqBDQ9I9ik4gCXQZjJMIVzoNLBRGet+hIUb3CISMh9KXuCcWVW/8w==

"@rollup/rollup-freebsd-x64@4.34.9":
  version "4.34.9"
  resolved "https://registry.yarnpkg.com/@rollup/rollup-freebsd-x64/-/rollup-freebsd-x64-4.34.9.tgz#c3576c6011656e4966ded29f051edec636b44564"
  integrity sha512-SLl0hi2Ah2H7xQYd6Qaiu01kFPzQ+hqvdYSoOtHYg/zCIFs6t8sV95kaoqjzjFwuYQLtOI0RZre/Ke0nPaQV+g==

"@rollup/rollup-linux-arm-gnueabihf@4.29.1":
  version "4.29.1"
  resolved "https://registry.yarnpkg.com/@rollup/rollup-linux-arm-gnueabihf/-/rollup-linux-arm-gnueabihf-4.29.1.tgz#443a6f5681bf4611caae42988994a6d8ee676216"
  integrity sha512-Py5vFd5HWYN9zxBv3WMrLAXY3yYJ6Q/aVERoeUFwiDGiMOWsMs7FokXihSOaT/PMWUty/Pj60XDQndK3eAfE6A==

"@rollup/rollup-linux-arm-gnueabihf@4.34.9":
  version "4.34.9"
  resolved "https://registry.yarnpkg.com/@rollup/rollup-linux-arm-gnueabihf/-/rollup-linux-arm-gnueabihf-4.34.9.tgz#48c87d0dee4f8dc9591a416717f91b4a89d77e3d"
  integrity sha512-88I+D3TeKItrw+Y/2ud4Tw0+3CxQ2kLgu3QvrogZ0OfkmX/DEppehus7L3TS2Q4lpB+hYyxhkQiYPJ6Mf5/dPg==

"@rollup/rollup-linux-arm-musleabihf@4.29.1":
  version "4.29.1"
  resolved "https://registry.yarnpkg.com/@rollup/rollup-linux-arm-musleabihf/-/rollup-linux-arm-musleabihf-4.29.1.tgz#9738b27184102228637a683e5f35b22ea352394f"
  integrity sha512-RiWpGgbayf7LUcuSNIbahr0ys2YnEERD4gYdISA06wa0i8RALrnzflh9Wxii7zQJEB2/Eh74dX4y/sHKLWp5uQ==

"@rollup/rollup-linux-arm-musleabihf@4.34.9":
  version "4.34.9"
  resolved "https://registry.yarnpkg.com/@rollup/rollup-linux-arm-musleabihf/-/rollup-linux-arm-musleabihf-4.34.9.tgz#f4c4e7c03a7767f2e5aa9d0c5cfbf5c0f59f2d41"
  integrity sha512-3qyfWljSFHi9zH0KgtEPG4cBXHDFhwD8kwg6xLfHQ0IWuH9crp005GfoUUh/6w9/FWGBwEHg3lxK1iHRN1MFlA==

"@rollup/rollup-linux-arm64-gnu@4.29.1":
  version "4.29.1"
  resolved "https://registry.yarnpkg.com/@rollup/rollup-linux-arm64-gnu/-/rollup-linux-arm64-gnu-4.29.1.tgz#b5e9d5e30ff36a19bedd29c715ba18a1889ff269"
  integrity sha512-Z80O+taYxTQITWMjm/YqNoe9d10OX6kDh8X5/rFCMuPqsKsSyDilvfg+vd3iXIqtfmp+cnfL1UrYirkaF8SBZA==

"@rollup/rollup-linux-arm64-gnu@4.34.9":
  version "4.34.9"
  resolved "https://registry.yarnpkg.com/@rollup/rollup-linux-arm64-gnu/-/rollup-linux-arm64-gnu-4.34.9.tgz#1015c9d07a99005025d13b8622b7600029d0b52f"
  integrity sha512-6TZjPHjKZUQKmVKMUowF3ewHxctrRR09eYyvT5eFv8w/fXarEra83A2mHTVJLA5xU91aCNOUnM+DWFMSbQ0Nxw==

"@rollup/rollup-linux-arm64-musl@4.29.1":
  version "4.29.1"
  resolved "https://registry.yarnpkg.com/@rollup/rollup-linux-arm64-musl/-/rollup-linux-arm64-musl-4.29.1.tgz#1d8f68f0829b57f746ec03432ad046f1af014a98"
  integrity sha512-fOHRtF9gahwJk3QVp01a/GqS4hBEZCV1oKglVVq13kcK3NeVlS4BwIFzOHDbmKzt3i0OuHG4zfRP0YoG5OF/rA==

"@rollup/rollup-linux-arm64-musl@4.34.9":
  version "4.34.9"
  resolved "https://registry.yarnpkg.com/@rollup/rollup-linux-arm64-musl/-/rollup-linux-arm64-musl-4.34.9.tgz#8f895eb5577748fc75af21beae32439626e0a14c"
  integrity sha512-LD2fytxZJZ6xzOKnMbIpgzFOuIKlxVOpiMAXawsAZ2mHBPEYOnLRK5TTEsID6z4eM23DuO88X0Tq1mErHMVq0A==

"@rollup/rollup-linux-loongarch64-gnu@4.29.1":
  version "4.29.1"
  resolved "https://registry.yarnpkg.com/@rollup/rollup-linux-loongarch64-gnu/-/rollup-linux-loongarch64-gnu-4.29.1.tgz#07027feb883408e74a3002c8e50caaedd288ae38"
  integrity sha512-5a7q3tnlbcg0OodyxcAdrrCxFi0DgXJSoOuidFUzHZ2GixZXQs6Tc3CHmlvqKAmOs5eRde+JJxeIf9DonkmYkw==

"@rollup/rollup-linux-loongarch64-gnu@4.34.9":
  version "4.34.9"
  resolved "https://registry.yarnpkg.com/@rollup/rollup-linux-loongarch64-gnu/-/rollup-linux-loongarch64-gnu-4.34.9.tgz#c9cd5dbbdc6b3ca4dbeeb0337498cf31949004a0"
  integrity sha512-dRAgTfDsn0TE0HI6cmo13hemKpVHOEyeciGtvlBTkpx/F65kTvShtY/EVyZEIfxFkV5JJTuQ9tP5HGBS0hfxIg==

"@rollup/rollup-linux-powerpc64le-gnu@4.29.1":
  version "4.29.1"
  resolved "https://registry.yarnpkg.com/@rollup/rollup-linux-powerpc64le-gnu/-/rollup-linux-powerpc64le-gnu-4.29.1.tgz#544ce1b0847a9c1240425e86f33daceac7ec4e12"
  integrity sha512-9b4Mg5Yfz6mRnlSPIdROcfw1BU22FQxmfjlp/CShWwO3LilKQuMISMTtAu/bxmmrE6A902W2cZJuzx8+gJ8e9w==

"@rollup/rollup-linux-powerpc64le-gnu@4.34.9":
  version "4.34.9"
  resolved "https://registry.yarnpkg.com/@rollup/rollup-linux-powerpc64le-gnu/-/rollup-linux-powerpc64le-gnu-4.34.9.tgz#7ebb5b4441faa17843a210f7d0583a20c93b40e4"
  integrity sha512-PHcNOAEhkoMSQtMf+rJofwisZqaU8iQ8EaSps58f5HYll9EAY5BSErCZ8qBDMVbq88h4UxaNPlbrKqfWP8RfJA==

"@rollup/rollup-linux-riscv64-gnu@4.29.1":
  version "4.29.1"
  resolved "https://registry.yarnpkg.com/@rollup/rollup-linux-riscv64-gnu/-/rollup-linux-riscv64-gnu-4.29.1.tgz#64be13d51852ec1e2dfbd25d997ed5f42f35ea6d"
  integrity sha512-G5pn0NChlbRM8OJWpJFMX4/i8OEU538uiSv0P6roZcbpe/WfhEO+AT8SHVKfp8qhDQzaz7Q+1/ixMy7hBRidnQ==

"@rollup/rollup-linux-riscv64-gnu@4.34.9":
  version "4.34.9"
  resolved "https://registry.yarnpkg.com/@rollup/rollup-linux-riscv64-gnu/-/rollup-linux-riscv64-gnu-4.34.9.tgz#10f5d7349fbd2fe78f9e36ecc90aab3154435c8d"
  integrity sha512-Z2i0Uy5G96KBYKjeQFKbbsB54xFOL5/y1P5wNBsbXB8yE+At3oh0DVMjQVzCJRJSfReiB2tX8T6HUFZ2k8iaKg==

"@rollup/rollup-linux-s390x-gnu@4.29.1":
  version "4.29.1"
  resolved "https://registry.yarnpkg.com/@rollup/rollup-linux-s390x-gnu/-/rollup-linux-s390x-gnu-4.29.1.tgz#31f51e1e05c6264552d03875d9e2e673f0fd86e3"
  integrity sha512-WM9lIkNdkhVwiArmLxFXpWndFGuOka4oJOZh8EP3Vb8q5lzdSCBuhjavJsw68Q9AKDGeOOIHYzYm4ZFvmWez5g==

"@rollup/rollup-linux-s390x-gnu@4.34.9":
  version "4.34.9"
  resolved "https://registry.yarnpkg.com/@rollup/rollup-linux-s390x-gnu/-/rollup-linux-s390x-gnu-4.34.9.tgz#196347d2fa20593ab09d0b7e2589fb69bdf742c6"
  integrity sha512-U+5SwTMoeYXoDzJX5dhDTxRltSrIax8KWwfaaYcynuJw8mT33W7oOgz0a+AaXtGuvhzTr2tVKh5UO8GVANTxyQ==

"@rollup/rollup-linux-x64-gnu@4.29.1":
  version "4.29.1"
  resolved "https://registry.yarnpkg.com/@rollup/rollup-linux-x64-gnu/-/rollup-linux-x64-gnu-4.29.1.tgz#f4c95b26f4ad69ebdb64b42f0ae4da2a0f617958"
  integrity sha512-87xYCwb0cPGZFoGiErT1eDcssByaLX4fc0z2nRM6eMtV9njAfEE6OW3UniAoDhX4Iq5xQVpE6qO9aJbCFumKYQ==

"@rollup/rollup-linux-x64-gnu@4.34.9":
  version "4.34.9"
  resolved "https://registry.yarnpkg.com/@rollup/rollup-linux-x64-gnu/-/rollup-linux-x64-gnu-4.34.9.tgz#7193cbd8d128212b8acda37e01b39d9e96259ef8"
  integrity sha512-FwBHNSOjUTQLP4MG7y6rR6qbGw4MFeQnIBrMe161QGaQoBQLqSUEKlHIiVgF3g/mb3lxlxzJOpIBhaP+C+KP2A==

"@rollup/rollup-linux-x64-musl@4.29.1":
  version "4.29.1"
  resolved "https://registry.yarnpkg.com/@rollup/rollup-linux-x64-musl/-/rollup-linux-x64-musl-4.29.1.tgz#ab7be89192f72beb9ea6e2386186fefde4f69d82"
  integrity sha512-xufkSNppNOdVRCEC4WKvlR1FBDyqCSCpQeMMgv9ZyXqqtKBfkw1yfGMTUTs9Qsl6WQbJnsGboWCp7pJGkeMhKA==

"@rollup/rollup-linux-x64-musl@4.34.9":
  version "4.34.9"
  resolved "https://registry.yarnpkg.com/@rollup/rollup-linux-x64-musl/-/rollup-linux-x64-musl-4.34.9.tgz#29a6867278ca0420b891574cfab98ecad70c59d1"
  integrity sha512-cYRpV4650z2I3/s6+5/LONkjIz8MBeqrk+vPXV10ORBnshpn8S32bPqQ2Utv39jCiDcO2eJTuSlPXpnvmaIgRA==

"@rollup/rollup-win32-arm64-msvc@4.29.1":
  version "4.29.1"
  resolved "https://registry.yarnpkg.com/@rollup/rollup-win32-arm64-msvc/-/rollup-win32-arm64-msvc-4.29.1.tgz#7f12efb8240b238346951559998802722944421e"
  integrity sha512-F2OiJ42m77lSkizZQLuC+jiZ2cgueWQL5YC9tjo3AgaEw+KJmVxHGSyQfDUoYR9cci0lAywv2Clmckzulcq6ig==

"@rollup/rollup-win32-arm64-msvc@4.34.9":
  version "4.34.9"
  resolved "https://registry.yarnpkg.com/@rollup/rollup-win32-arm64-msvc/-/rollup-win32-arm64-msvc-4.34.9.tgz#89427dcac0c8e3a6d32b13a03a296a275d0de9a9"
  integrity sha512-z4mQK9dAN6byRA/vsSgQiPeuO63wdiDxZ9yg9iyX2QTzKuQM7T4xlBoeUP/J8uiFkqxkcWndWi+W7bXdPbt27Q==

"@rollup/rollup-win32-ia32-msvc@4.29.1":
  version "4.29.1"
  resolved "https://registry.yarnpkg.com/@rollup/rollup-win32-ia32-msvc/-/rollup-win32-ia32-msvc-4.29.1.tgz#353d14d6eee943004d129796e4feddd3aa260921"
  integrity sha512-rYRe5S0FcjlOBZQHgbTKNrqxCBUmgDJem/VQTCcTnA2KCabYSWQDrytOzX7avb79cAAweNmMUb/Zw18RNd4mng==

"@rollup/rollup-win32-ia32-msvc@4.34.9":
  version "4.34.9"
  resolved "https://registry.yarnpkg.com/@rollup/rollup-win32-ia32-msvc/-/rollup-win32-ia32-msvc-4.34.9.tgz#ecb9711ba2b6d2bf6ee51265abe057ab90913deb"
  integrity sha512-KB48mPtaoHy1AwDNkAJfHXvHp24H0ryZog28spEs0V48l3H1fr4i37tiyHsgKZJnCmvxsbATdZGBpbmxTE3a9w==

"@rollup/rollup-win32-x64-msvc@4.29.1":
  version "4.29.1"
  resolved "https://registry.yarnpkg.com/@rollup/rollup-win32-x64-msvc/-/rollup-win32-x64-msvc-4.29.1.tgz#c82f04a09ba481e13857d6f2516e072aaa51b7f4"
  integrity sha512-+10CMg9vt1MoHj6x1pxyjPSMjHTIlqs8/tBztXvPAx24SKs9jwVnKqHJumlH/IzhaPUaj3T6T6wfZr8okdXaIg==

"@rollup/rollup-win32-x64-msvc@4.34.9":
  version "4.34.9"
  resolved "https://registry.yarnpkg.com/@rollup/rollup-win32-x64-msvc/-/rollup-win32-x64-msvc-4.34.9.tgz#1973871850856ae72bc678aeb066ab952330e923"
  integrity sha512-AyleYRPU7+rgkMWbEh71fQlrzRfeP6SyMnRf9XX4fCdDPAJumdSBqYEcWPMzVQ4ScAl7E4oFfK0GUVn77xSwbw==

"@types/estree@1.0.6", "@types/estree@^1.0.0":
  version "1.0.6"
  resolved "https://registry.yarnpkg.com/@types/estree/-/estree-1.0.6.tgz#628effeeae2064a1b4e79f78e81d87b7e5fc7b50"
  integrity sha512-AYnb1nQyY49te+VRAVgmzfcgjYS91mY5P0TKUDCLEM+gNnA+3T6rWITXRLYCpahpqSQbN5cE+gHpnPyXjHWxcw==

"@vitest/expect@3.0.8":
  version "3.0.8"
  resolved "https://registry.yarnpkg.com/@vitest/expect/-/expect-3.0.8.tgz#53c408180d6476c7363eb976dcaae8e7b1f1a078"
  integrity sha512-Xu6TTIavTvSSS6LZaA3EebWFr6tsoXPetOWNMOlc7LO88QVVBwq2oQWBoDiLCN6YTvNYsGSjqOO8CAdjom5DCQ==
  dependencies:
    "@vitest/spy" "3.0.8"
    "@vitest/utils" "3.0.8"
    chai "^5.2.0"
    tinyrainbow "^2.0.0"

"@vitest/mocker@3.0.8":
  version "3.0.8"
  resolved "https://registry.yarnpkg.com/@vitest/mocker/-/mocker-3.0.8.tgz#01638859e7dd422a8aaf04ef63dca9e1bbb9838d"
  integrity sha512-n3LjS7fcW1BCoF+zWZxG7/5XvuYH+lsFg+BDwwAz0arIwHQJFUEsKBQ0BLU49fCxuM/2HSeBPHQD8WjgrxMfow==
  dependencies:
    "@vitest/spy" "3.0.8"
    estree-walker "^3.0.3"
    magic-string "^0.30.17"

"@vitest/pretty-format@3.0.8", "@vitest/pretty-format@^3.0.8":
  version "3.0.8"
  resolved "https://registry.yarnpkg.com/@vitest/pretty-format/-/pretty-format-3.0.8.tgz#89f6111d141142689871f5a4e62ad679bb6b6357"
  integrity sha512-BNqwbEyitFhzYMYHUVbIvepOyeQOSFA/NeJMIP9enMntkkxLgOcgABH6fjyXG85ipTgvero6noreavGIqfJcIg==
  dependencies:
    tinyrainbow "^2.0.0"

"@vitest/runner@3.0.8":
  version "3.0.8"
  resolved "https://registry.yarnpkg.com/@vitest/runner/-/runner-3.0.8.tgz#dda7223c25a89a829a29c3f0c037a99e028a9c64"
  integrity sha512-c7UUw6gEcOzI8fih+uaAXS5DwjlBaCJUo7KJ4VvJcjL95+DSR1kova2hFuRt3w41KZEFcOEiq098KkyrjXeM5w==
  dependencies:
    "@vitest/utils" "3.0.8"
    pathe "^2.0.3"

"@vitest/snapshot@3.0.8":
  version "3.0.8"
  resolved "https://registry.yarnpkg.com/@vitest/snapshot/-/snapshot-3.0.8.tgz#b65d738c00ff052a323125ad7dfb001927049c78"
  integrity sha512-x8IlMGSEMugakInj44nUrLSILh/zy1f2/BgH0UeHpNyOocG18M9CWVIFBaXPt8TrqVZWmcPjwfG/ht5tnpba8A==
  dependencies:
    "@vitest/pretty-format" "3.0.8"
    magic-string "^0.30.17"
    pathe "^2.0.3"

"@vitest/spy@3.0.8":
  version "3.0.8"
  resolved "https://registry.yarnpkg.com/@vitest/spy/-/spy-3.0.8.tgz#2a31ce28858aae50286644d64f886c72d55ae2ce"
  integrity sha512-MR+PzJa+22vFKYb934CejhR4BeRpMSoxkvNoDit68GQxRLSf11aT6CTj3XaqUU9rxgWJFnqicN/wxw6yBRkI1Q==
  dependencies:
    tinyspy "^3.0.2"

"@vitest/utils@3.0.8":
  version "3.0.8"
  resolved "https://registry.yarnpkg.com/@vitest/utils/-/utils-3.0.8.tgz#289277fbd8e733dff69cfa993c34665415c9b66b"
  integrity sha512-nkBC3aEhfX2PdtQI/QwAWp8qZWwzASsU4Npbcd5RdMPBSSLCpkZp52P3xku3s3uA0HIEhGvEcF8rNkBsz9dQ4Q==
  dependencies:
    "@vitest/pretty-format" "3.0.8"
    loupe "^3.1.3"
    tinyrainbow "^2.0.0"

assertion-error@^2.0.1:
  version "2.0.1"
  resolved "https://registry.yarnpkg.com/assertion-error/-/assertion-error-2.0.1.tgz#f641a196b335690b1070bf00b6e7593fec190bf7"
  integrity sha512-Izi8RQcffqCeNVgFigKli1ssklIbpHnCYc6AknXGYoB6grJqyeby7jv12JUQgmTAnIDnbck1uxksT4dzN3PWBA==

cac@^6.7.14:
  version "6.7.14"
  resolved "https://registry.yarnpkg.com/cac/-/cac-6.7.14.tgz#804e1e6f506ee363cb0e3ccbb09cad5dd9870959"
  integrity sha512-b6Ilus+c3RrdDk+JhLKUAQfzzgLEPy6wcXqS7f/xe1EETvsDP6GORG7SFuOs6cID5YkqchW/LXZbX5bc8j7ZcQ==

chai@^5.2.0:
  version "5.2.0"
  resolved "https://registry.yarnpkg.com/chai/-/chai-5.2.0.tgz#1358ee106763624114addf84ab02697e411c9c05"
  integrity sha512-mCuXncKXk5iCLhfhwTc0izo0gtEmpz5CtG2y8GiOINBlMVS6v8TMRc5TaLWKS6692m9+dVVfzgeVxR5UxWHTYw==
  dependencies:
    assertion-error "^2.0.1"
    check-error "^2.1.1"
    deep-eql "^5.0.1"
    loupe "^3.1.0"
    pathval "^2.0.0"

check-error@^2.1.1:
  version "2.1.1"
  resolved "https://registry.yarnpkg.com/check-error/-/check-error-2.1.1.tgz#87eb876ae71ee388fa0471fe423f494be1d96ccc"
  integrity sha512-OAlb+T7V4Op9OwdkjmguYRqncdlx5JiofwOAUkmTF+jNdHwzTaTs4sRAGpzLF3oOz5xAyDGrPgeIDFQmDOTiJw==

debug@^4.1.1, debug@^4.4.0:
  version "4.4.0"
  resolved "https://registry.yarnpkg.com/debug/-/debug-4.4.0.tgz#2b3f2aea2ffeb776477460267377dc8710faba8a"
  integrity sha512-6WTZ/IxCY/T6BALoZHaE4ctp9xm+Z5kY/pzYaCHRFeyVhojxlrm+46y68HA6hr0TcwEssoxNiDEUJQjfPZ/RYA==
  dependencies:
    ms "^2.1.3"

deep-eql@^5.0.1:
  version "5.0.2"
  resolved "https://registry.yarnpkg.com/deep-eql/-/deep-eql-5.0.2.tgz#4b756d8d770a9257300825d52a2c2cff99c3a341"
  integrity sha512-h5k/5U50IJJFpzfL6nO9jaaumfjO/f2NjK/oYB2Djzm4p9L+3T9qWpZqZ2hAbLPuuYq9wrU08WQyBTL5GbPk5Q==

es-module-lexer@^1.6.0:
  version "1.6.0"
  resolved "https://registry.yarnpkg.com/es-module-lexer/-/es-module-lexer-1.6.0.tgz#da49f587fd9e68ee2404fe4e256c0c7d3a81be21"
  integrity sha512-qqnD1yMU6tk/jnaMosogGySTZP8YtUgAffA9nMN+E/rjxcfRQ6IEk7IiozUjgxKoFHBGjTLnrHB/YC45r/59EQ==

esbuild@^0.25.0:
  version "0.25.0"
  resolved "https://registry.yarnpkg.com/esbuild/-/esbuild-0.25.0.tgz#0de1787a77206c5a79eeb634a623d39b5006ce92"
  integrity sha512-BXq5mqc8ltbaN34cDqWuYKyNhX8D/Z0J1xdtdQ8UcIIIyJyz+ZMKUt58tF3SrZ85jcfN/PZYhjR5uDQAYNVbuw==
  optionalDependencies:
    "@esbuild/aix-ppc64" "0.25.0"
    "@esbuild/android-arm" "0.25.0"
    "@esbuild/android-arm64" "0.25.0"
    "@esbuild/android-x64" "0.25.0"
    "@esbuild/darwin-arm64" "0.25.0"
    "@esbuild/darwin-x64" "0.25.0"
    "@esbuild/freebsd-arm64" "0.25.0"
    "@esbuild/freebsd-x64" "0.25.0"
    "@esbuild/linux-arm" "0.25.0"
    "@esbuild/linux-arm64" "0.25.0"
    "@esbuild/linux-ia32" "0.25.0"
    "@esbuild/linux-loong64" "0.25.0"
    "@esbuild/linux-mips64el" "0.25.0"
    "@esbuild/linux-ppc64" "0.25.0"
    "@esbuild/linux-riscv64" "0.25.0"
    "@esbuild/linux-s390x" "0.25.0"
    "@esbuild/linux-x64" "0.25.0"
    "@esbuild/netbsd-arm64" "0.25.0"
    "@esbuild/netbsd-x64" "0.25.0"
    "@esbuild/openbsd-arm64" "0.25.0"
    "@esbuild/openbsd-x64" "0.25.0"
    "@esbuild/sunos-x64" "0.25.0"
    "@esbuild/win32-arm64" "0.25.0"
    "@esbuild/win32-ia32" "0.25.0"
    "@esbuild/win32-x64" "0.25.0"

estree-walker@^2.0.2:
  version "2.0.2"
  resolved "https://registry.yarnpkg.com/estree-walker/-/estree-walker-2.0.2.tgz#52f010178c2a4c117a7757cfe942adb7d2da4cac"
  integrity sha512-Rfkk/Mp/DL7JVje3u18FxFujQlTNR2q6QfMSMB7AvCBx91NGj/ba3kCfza0f6dVDbw7YlRf/nDrn7pQrCCyQ/w==

estree-walker@^3.0.3:
  version "3.0.3"
  resolved "https://registry.yarnpkg.com/estree-walker/-/estree-walker-3.0.3.tgz#67c3e549ec402a487b4fc193d1953a524752340d"
  integrity sha512-7RUKfXgSMMkzt6ZuXmqapOurLGPPfgj6l9uRZ7lRGolvk0y2yocc35LdcxKC5PQZdn2DMqioAQ2NoWcrTKmm6g==
  dependencies:
    "@types/estree" "^1.0.0"

expect-type@^1.1.0:
  version "1.1.0"
  resolved "https://registry.yarnpkg.com/expect-type/-/expect-type-1.1.0.tgz#a146e414250d13dfc49eafcfd1344a4060fa4c75"
  integrity sha512-bFi65yM+xZgk+u/KRIpekdSYkTB5W1pEf0Lt8Q8Msh7b+eQ7LXVtIB1Bkm4fvclDEL1b2CZkMhv2mOeF8tMdkA==

fsevents@~2.3.2, fsevents@~2.3.3:
  version "2.3.3"
  resolved "https://registry.yarnpkg.com/fsevents/-/fsevents-2.3.3.tgz#cac6407785d03675a2a5e1a5305c697b347d90d6"
  integrity sha512-5xoDfX+fL7faATnagmWPpbFtwh/R77WmMMqqHGS65C3vvB0YHrgF+B1YmZ3441tMj5n63k0212XNoJwzlhffQw==

function-bind@^1.1.2:
  version "1.1.2"
  resolved "https://registry.yarnpkg.com/function-bind/-/function-bind-1.1.2.tgz#2c02d864d97f3ea6c8830c464cbd11ab6eab7a1c"
  integrity sha512-7XHNxH7qX9xG5mIwxkhumTox/MIRNcOgDrxWsMt2pAr23WHp6MrRlN7FBSFpCpr+oVO0F744iUgR82nJMfG2SA==

globrex@^0.1.2:
  version "0.1.2"
  resolved "https://registry.yarnpkg.com/globrex/-/globrex-0.1.2.tgz#dd5d9ec826232730cd6793a5e33a9302985e6098"
  integrity sha512-uHJgbwAMwNFf5mLst7IWLNg14x1CkeqglJb/K3doi4dw6q2IvAAmM/Y81kevy83wP+Sst+nutFTYOGg3d1lsxg==

hasown@^2.0.2:
  version "2.0.2"
  resolved "https://registry.yarnpkg.com/hasown/-/hasown-2.0.2.tgz#003eaf91be7adc372e84ec59dc37252cedb80003"
  integrity sha512-0hJU9SCPvmMzIBdZFqNPXWa6dqh7WdH0cII9y+CyS8rG3nL48Bclra9HmKhVVUHyPWNH5Y7xDwAB7bfgSjkUMQ==
  dependencies:
    function-bind "^1.1.2"

is-core-module@^2.16.0:
  version "2.16.1"
  resolved "https://registry.yarnpkg.com/is-core-module/-/is-core-module-2.16.1.tgz#2a98801a849f43e2add644fbb6bc6229b19a4ef4"
  integrity sha512-UfoeMA6fIJ8wTYFEUjelnaGI67v6+N7qXJEvQuIGa99l4xsCruSYOVSQ0uPANn4dAzm8lkYPaKLrrijLq7x23w==
  dependencies:
    hasown "^2.0.2"

js-tokens@^4.0.0:
  version "4.0.0"
  resolved "https://registry.yarnpkg.com/js-tokens/-/js-tokens-4.0.0.tgz#19203fb59991df98e3a287050d4647cdeaf32499"
  integrity sha512-RdJUflcE3cUzKiMqQgsCu06FPu9UdIJO0beYbPhHN4k6apgJtifcoCtT9bcxOpYBtpD2kCM6Sbzg4CausW/PKQ==

loupe@^3.1.0:
  version "3.1.2"
  resolved "https://registry.yarnpkg.com/loupe/-/loupe-3.1.2.tgz#c86e0696804a02218f2206124c45d8b15291a240"
  integrity sha512-23I4pFZHmAemUnz8WZXbYRSKYj801VDaNv9ETuMh7IrMc7VuVVSo+Z9iLE3ni30+U48iDWfi30d3twAXBYmnCg==

loupe@^3.1.3:
  version "3.1.3"
  resolved "https://registry.yarnpkg.com/loupe/-/loupe-3.1.3.tgz#042a8f7986d77f3d0f98ef7990a2b2fef18b0fd2"
  integrity sha512-kkIp7XSkP78ZxJEsSxW3712C6teJVoeHHwgo9zJ380de7IYyJ2ISlxojcH2pC5OFLewESmnRi/+XCDIEEVyoug==

magic-string@^0.30.10, magic-string@^0.30.17:
  version "0.30.17"
  resolved "https://registry.yarnpkg.com/magic-string/-/magic-string-0.30.17.tgz#450a449673d2460e5bbcfba9a61916a1714c7453"
  integrity sha512-sNPKHvyjVf7gyjwS4xGTaW/mCnF8wnjtifKBEhxfZ7E/S8tQ0rssrwGNn6q8JH/ohItJfSQp9mBtQYuTlH5QnA==
  dependencies:
    "@jridgewell/sourcemap-codec" "^1.5.0"

ms@^2.1.3:
  version "2.1.3"
  resolved "https://registry.yarnpkg.com/ms/-/ms-2.1.3.tgz#574c8138ce1d2b5861f0b44579dbadd60c6615b2"
  integrity sha512-6FlzubTLZG3J2a/NVCAleEhjzq5oxgHyaCU9yYXvcLsvoVaHJq/s5xXI6/XXP6tz7R9xAOtHnSO/tXtF3WRTlA==

nanoid@^3.3.8:
  version "3.3.9"
  resolved "https://registry.yarnpkg.com/nanoid/-/nanoid-3.3.9.tgz#e0097d8e026b3343ff053e9ccd407360a03f503a"
  integrity sha512-SppoicMGpZvbF1l3z4x7No3OlIjP7QJvC9XR7AhZr1kL133KHnKPztkKDc+Ir4aJ/1VhTySrtKhrsycmrMQfvg==

path-parse@^1.0.7:
  version "1.0.7"
  resolved "https://registry.yarnpkg.com/path-parse/-/path-parse-1.0.7.tgz#fbc114b60ca42b30d9daf5858e4bd68bbedb6735"
  integrity sha512-LDJzPVEEEPR+y48z93A0Ed0yXb8pAByGWo/k5YYdYgpY2/2EsOsksJrq7lOHxryrVOn1ejG6oAp8ahvOIQD8sw==

pathe@^2.0.3:
  version "2.0.3"
  resolved "https://registry.yarnpkg.com/pathe/-/pathe-2.0.3.tgz#3ecbec55421685b70a9da872b2cff3e1cbed1716"
  integrity sha512-WUjGcAqP1gQacoQe+OBJsFA7Ld4DyXuUIjZ5cc75cLHvJ7dtNsTugphxIADwspS+AraAUePCKrSVtPLFj/F88w==

pathval@^2.0.0:
  version "2.0.0"
  resolved "https://registry.yarnpkg.com/pathval/-/pathval-2.0.0.tgz#7e2550b422601d4f6b8e26f1301bc8f15a741a25"
  integrity sha512-vE7JKRyES09KiunauX7nd2Q9/L7lhok4smP9RZTDeD4MVs72Dp2qNFVz39Nz5a0FVEW0BJR6C0DYrq6unoziZA==

picocolors@^1.0.0, picocolors@^1.1.1:
  version "1.1.1"
  resolved "https://registry.yarnpkg.com/picocolors/-/picocolors-1.1.1.tgz#3d321af3eab939b083c8f929a1d12cda81c26b6b"
  integrity sha512-xceH2snhtb5M9liqDsmEw56le376mTZkEX/jEb/RxNFyegNul7eNslCXP9FDj/Lcu0X8KEyMceP2ntpaHrDEVA==

picomatch@^4.0.2:
  version "4.0.2"
  resolved "https://registry.yarnpkg.com/picomatch/-/picomatch-4.0.2.tgz#77c742931e8f3b8820946c76cd0c1f13730d1dab"
  integrity sha512-M7BAV6Rlcy5u+m6oPhAPFgJTzAioX/6B0DxyvDlo9l8+T3nLKbrczg2WLUyzd45L8RqfUMyGPzekbMvX2Ldkwg==

postcss@^8.5.3:
  version "8.5.3"
  resolved "https://registry.yarnpkg.com/postcss/-/postcss-8.5.3.tgz#1463b6f1c7fb16fe258736cba29a2de35237eafb"
  integrity sha512-dle9A3yYxlBSrt8Fu+IpjGT8SY8hN0mlaA6GY8t0P5PjIOZemULz/E2Bnm/2dcUOena75OTNkHI76uZBNUUq3A==
  dependencies:
    nanoid "^3.3.8"
    picocolors "^1.1.1"
    source-map-js "^1.2.1"

resolve@^1.22.1:
  version "1.22.10"
  resolved "https://registry.yarnpkg.com/resolve/-/resolve-1.22.10.tgz#b663e83ffb09bbf2386944736baae803029b8b39"
  integrity sha512-NPRy+/ncIMeDlTAsuqwKIiferiawhefFJtkNSW0qZJEqMEb+qBt/77B/jGeeek+F0uOeN05CDa6HXbbIgtVX4w==
  dependencies:
    is-core-module "^2.16.0"
    path-parse "^1.0.7"
    supports-preserve-symlinks-flag "^1.0.0"

rollup-plugin-dts@^6.1.1:
  version "6.1.1"
  resolved "https://registry.yarnpkg.com/rollup-plugin-dts/-/rollup-plugin-dts-6.1.1.tgz#46b33f4d1d7f4e66f1171ced9b282ac11a15a254"
  integrity sha512-aSHRcJ6KG2IHIioYlvAOcEq6U99sVtqDDKVhnwt70rW6tsz3tv5OSjEiWcgzfsHdLyGXZ/3b/7b/+Za3Y6r1XA==
  dependencies:
    magic-string "^0.30.10"
  optionalDependencies:
    "@babel/code-frame" "^7.24.2"

rollup@^4.29.1:
  version "4.29.1"
  resolved "https://registry.yarnpkg.com/rollup/-/rollup-4.29.1.tgz#a9aaaece817e5f778489e5bf82e379cc8a5c05bc"
  integrity sha512-RaJ45M/kmJUzSWDs1Nnd5DdV4eerC98idtUOVr6FfKcgxqvjwHmxc5upLF9qZU9EpsVzzhleFahrT3shLuJzIw==
  dependencies:
    "@types/estree" "1.0.6"
  optionalDependencies:
    "@rollup/rollup-android-arm-eabi" "4.29.1"
    "@rollup/rollup-android-arm64" "4.29.1"
    "@rollup/rollup-darwin-arm64" "4.29.1"
    "@rollup/rollup-darwin-x64" "4.29.1"
    "@rollup/rollup-freebsd-arm64" "4.29.1"
    "@rollup/rollup-freebsd-x64" "4.29.1"
    "@rollup/rollup-linux-arm-gnueabihf" "4.29.1"
    "@rollup/rollup-linux-arm-musleabihf" "4.29.1"
    "@rollup/rollup-linux-arm64-gnu" "4.29.1"
    "@rollup/rollup-linux-arm64-musl" "4.29.1"
    "@rollup/rollup-linux-loongarch64-gnu" "4.29.1"
    "@rollup/rollup-linux-powerpc64le-gnu" "4.29.1"
    "@rollup/rollup-linux-riscv64-gnu" "4.29.1"
    "@rollup/rollup-linux-s390x-gnu" "4.29.1"
    "@rollup/rollup-linux-x64-gnu" "4.29.1"
    "@rollup/rollup-linux-x64-musl" "4.29.1"
    "@rollup/rollup-win32-arm64-msvc" "4.29.1"
    "@rollup/rollup-win32-ia32-msvc" "4.29.1"
    "@rollup/rollup-win32-x64-msvc" "4.29.1"
    fsevents "~2.3.2"

rollup@^4.30.1:
  version "4.34.9"
  resolved "https://registry.yarnpkg.com/rollup/-/rollup-4.34.9.tgz#e1eb397856476778aeb6ac2ac3d09b2ce177a558"
  integrity sha512-nF5XYqWWp9hx/LrpC8sZvvvmq0TeTjQgaZHYmAgwysT9nh8sWnZhBnM8ZyVbbJFIQBLwHDNoMqsBZBbUo4U8sQ==
  dependencies:
    "@types/estree" "1.0.6"
  optionalDependencies:
    "@rollup/rollup-android-arm-eabi" "4.34.9"
    "@rollup/rollup-android-arm64" "4.34.9"
    "@rollup/rollup-darwin-arm64" "4.34.9"
    "@rollup/rollup-darwin-x64" "4.34.9"
    "@rollup/rollup-freebsd-arm64" "4.34.9"
    "@rollup/rollup-freebsd-x64" "4.34.9"
    "@rollup/rollup-linux-arm-gnueabihf" "4.34.9"
    "@rollup/rollup-linux-arm-musleabihf" "4.34.9"
    "@rollup/rollup-linux-arm64-gnu" "4.34.9"
    "@rollup/rollup-linux-arm64-musl" "4.34.9"
    "@rollup/rollup-linux-loongarch64-gnu" "4.34.9"
    "@rollup/rollup-linux-powerpc64le-gnu" "4.34.9"
    "@rollup/rollup-linux-riscv64-gnu" "4.34.9"
    "@rollup/rollup-linux-s390x-gnu" "4.34.9"
    "@rollup/rollup-linux-x64-gnu" "4.34.9"
    "@rollup/rollup-linux-x64-musl" "4.34.9"
    "@rollup/rollup-win32-arm64-msvc" "4.34.9"
    "@rollup/rollup-win32-ia32-msvc" "4.34.9"
    "@rollup/rollup-win32-x64-msvc" "4.34.9"
    fsevents "~2.3.2"

siginfo@^2.0.0:
  version "2.0.0"
  resolved "https://registry.yarnpkg.com/siginfo/-/siginfo-2.0.0.tgz#32e76c70b79724e3bb567cb9d543eb858ccfaf30"
  integrity sha512-ybx0WO1/8bSBLEWXZvEd7gMW3Sn3JFlW3TvX1nREbDLRNQNaeNN8WK0meBwPdAaOI7TtRRRJn/Es1zhrrCHu7g==

source-map-js@^1.2.1:
  version "1.2.1"
  resolved "https://registry.yarnpkg.com/source-map-js/-/source-map-js-1.2.1.tgz#1ce5650fddd87abc099eda37dcff024c2667ae46"
  integrity sha512-UXWMKhLOwVKb728IUtQPXxfYU+usdybtUrK/8uGE8CQMvrhOpwvzDBwj0QhSL7MQc7vIsISBG8VQ8+IDQxpfQA==

stackback@0.0.2:
  version "0.0.2"
  resolved "https://registry.yarnpkg.com/stackback/-/stackback-0.0.2.tgz#1ac8a0d9483848d1695e418b6d031a3c3ce68e3b"
  integrity sha512-1XMJE5fQo1jGH6Y/7ebnwPOBEkIEnT4QF32d5R1+VXdXveM0IBMJt8zfaxX1P3QhVwrYe+576+jkANtSS2mBbw==

std-env@^3.8.0:
  version "3.8.0"
  resolved "https://registry.yarnpkg.com/std-env/-/std-env-3.8.0.tgz#b56ffc1baf1a29dcc80a3bdf11d7fca7c315e7d5"
  integrity sha512-Bc3YwwCB+OzldMxOXJIIvC6cPRWr/LxOp48CdQTOkPyk/t4JWWJbrilwBd7RJzKV8QW7tJkcgAmeuLLJugl5/w==

style-mod@^4.0.0, style-mod@^4.1.0:
  version "4.1.2"
  resolved "https://registry.yarnpkg.com/style-mod/-/style-mod-4.1.2.tgz#ca238a1ad4786520f7515a8539d5a63691d7bf67"
  integrity sha512-wnD1HyVqpJUI2+eKZ+eo1UwghftP6yuFheBqqe+bWCotBjC2K1YnteJILRMs3SM4V/0dLEW1SC27MWP5y+mwmw==

supports-preserve-symlinks-flag@^1.0.0:
  version "1.0.0"
  resolved "https://registry.yarnpkg.com/supports-preserve-symlinks-flag/-/supports-preserve-symlinks-flag-1.0.0.tgz#6eda4bd344a3c94aea376d4cc31bc77311039e09"
  integrity sha512-ot0WnXS9fgdkgIcePe6RHNk1WA8+muPa6cSjeR3V8K27q9BB1rTE3R1p7Hv0z1ZyAc8s6Vvv8DIyWf681MAt0w==

tinybench@^2.9.0:
  version "2.9.0"
  resolved "https://registry.yarnpkg.com/tinybench/-/tinybench-2.9.0.tgz#103c9f8ba6d7237a47ab6dd1dcff77251863426b"
  integrity sha512-0+DUvqWMValLmha6lr4kD8iAMK1HzV0/aKnCtWb9v9641TnP/MFb7Pc2bxoxQjTXAErryXVgUOfv2YqNllqGeg==

tinyexec@^0.3.2:
  version "0.3.2"
  resolved "https://registry.yarnpkg.com/tinyexec/-/tinyexec-0.3.2.tgz#941794e657a85e496577995c6eef66f53f42b3d2"
  integrity sha512-KQQR9yN7R5+OSwaK0XQoj22pwHoTlgYqmUscPYoknOoWCWfj/5/ABTMRi69FrKU5ffPVh5QcFikpWJI/P1ocHA==

tinypool@^1.0.2:
  version "1.0.2"
  resolved "https://registry.yarnpkg.com/tinypool/-/tinypool-1.0.2.tgz#706193cc532f4c100f66aa00b01c42173d9051b2"
  integrity sha512-al6n+QEANGFOMf/dmUMsuS5/r9B06uwlyNjZZql/zv8J7ybHCgoihBNORZCY2mzUuAnomQa2JdhyHKzZxPCrFA==

tinyrainbow@^2.0.0:
  version "2.0.0"
  resolved "https://registry.yarnpkg.com/tinyrainbow/-/tinyrainbow-2.0.0.tgz#9509b2162436315e80e3eee0fcce4474d2444294"
  integrity sha512-op4nsTR47R6p0vMUUoYl/a+ljLFVtlfaXkLQmqfLR1qHma1h/ysYk4hEXZ880bf2CYgTskvTa/e196Vd5dDQXw==

tinyspy@^3.0.2:
  version "3.0.2"
  resolved "https://registry.yarnpkg.com/tinyspy/-/tinyspy-3.0.2.tgz#86dd3cf3d737b15adcf17d7887c84a75201df20a"
  integrity sha512-n1cw8k1k0x4pgA2+9XrOkFydTerNcJ1zWCO5Nn9scWHTD+5tp8dghT2x1uduQePZTZgd3Tupf+x9BxJjeJi77Q==

tsconfck@^3.0.3:
  version "3.1.4"
  resolved "https://registry.yarnpkg.com/tsconfck/-/tsconfck-3.1.4.tgz#de01a15334962e2feb526824339b51be26712229"
  integrity sha512-kdqWFGVJqe+KGYvlSO9NIaWn9jT1Ny4oKVzAJsKii5eoE9snzTJzL4+MMVOMn+fikWGFmKEylcXL710V/kIPJQ==

typescript@^5.7.2:
  version "5.7.2"
  resolved "https://registry.yarnpkg.com/typescript/-/typescript-5.7.2.tgz#3169cf8c4c8a828cde53ba9ecb3d2b1d5dd67be6"
  integrity sha512-i5t66RHxDvVN40HfDd1PsEThGNnlMCMT3jMUuoh9/0TaqWevNontacunWyN02LA9/fIbEWlcHZcgTKb9QoaLfg==

vite-node@3.0.8:
  version "3.0.8"
  resolved "https://registry.yarnpkg.com/vite-node/-/vite-node-3.0.8.tgz#69cd1e0b9c7c37a8e7ab3b87ce259cbbf9a7bd72"
  integrity sha512-6PhR4H9VGlcwXZ+KWCdMqbtG649xCPZqfI9j2PsK1FcXgEzro5bGHcVKFCTqPLaNKZES8Evqv4LwvZARsq5qlg==
  dependencies:
    cac "^6.7.14"
    debug "^4.4.0"
    es-module-lexer "^1.6.0"
    pathe "^2.0.3"
    vite "^5.0.0 || ^6.0.0"

vite-tsconfig-paths@^5.1.4:
  version "5.1.4"
  resolved "https://registry.yarnpkg.com/vite-tsconfig-paths/-/vite-tsconfig-paths-5.1.4.tgz#d9a71106a7ff2c1c840c6f1708042f76a9212ed4"
  integrity sha512-cYj0LRuLV2c2sMqhqhGpaO3LretdtMn/BVX4cPLanIZuwwrkVl+lK84E/miEXkCHWXuq65rhNN4rXsBcOB3S4w==
  dependencies:
    debug "^4.1.1"
    globrex "^0.1.2"
    tsconfck "^3.0.3"

"vite@^5.0.0 || ^6.0.0":
  version "6.2.1"
  resolved "https://registry.yarnpkg.com/vite/-/vite-6.2.1.tgz#ae865d4bb93a11844be1bc647c8b2dd1856ea180"
  integrity sha512-n2GnqDb6XPhlt9B8olZPrgMD/es/Nd1RdChF6CBD/fHW6pUyUTt2sQW2fPRX5GiD9XEa6+8A6A4f2vT6pSsE7Q==
  dependencies:
    esbuild "^0.25.0"
    postcss "^8.5.3"
    rollup "^4.30.1"
  optionalDependencies:
    fsevents "~2.3.3"

vitest@^3.0.8:
  version "3.0.8"
  resolved "https://registry.yarnpkg.com/vitest/-/vitest-3.0.8.tgz#2b85e689d3067cf3b8e174626ecfcb8b24be0785"
  integrity sha512-dfqAsNqRGUc8hB9OVR2P0w8PZPEckti2+5rdZip0WIz9WW0MnImJ8XiR61QhqLa92EQzKP2uPkzenKOAHyEIbA==
  dependencies:
    "@vitest/expect" "3.0.8"
    "@vitest/mocker" "3.0.8"
    "@vitest/pretty-format" "^3.0.8"
    "@vitest/runner" "3.0.8"
    "@vitest/snapshot" "3.0.8"
    "@vitest/spy" "3.0.8"
    "@vitest/utils" "3.0.8"
    chai "^5.2.0"
    debug "^4.4.0"
    expect-type "^1.1.0"
    magic-string "^0.30.17"
    pathe "^2.0.3"
    std-env "^3.8.0"
    tinybench "^2.9.0"
    tinyexec "^0.3.2"
    tinypool "^1.0.2"
    tinyrainbow "^2.0.0"
    vite "^5.0.0 || ^6.0.0"
    vite-node "3.0.8"
    why-is-node-running "^2.3.0"

w3c-keyname@^2.2.4:
  version "2.2.8"
  resolved "https://registry.yarnpkg.com/w3c-keyname/-/w3c-keyname-2.2.8.tgz#7b17c8c6883d4e8b86ac8aba79d39e880f8869c5"
  integrity sha512-dpojBhNsCNN7T82Tm7k26A6G9ML3NkhDsnw9n/eoxSRlVBB4CEtIQ/KTCLI2Fwf3ataSXRhYFkQi3SlnFwPvPQ==

why-is-node-running@^2.3.0:
  version "2.3.0"
  resolved "https://registry.yarnpkg.com/why-is-node-running/-/why-is-node-running-2.3.0.tgz#a3f69a97107f494b3cdc3bdddd883a7d65cebf04"
  integrity sha512-hUrmaWBdVDcxvYqnyh09zunKzROWjbZTiNy8dBEjkS7ehEDQibXJ7XvlmtbwuTclUiIyN+CyXQD4Vmko8fNm8w==
  dependencies:
    siginfo "^2.0.0"
    stackback "0.0.2"
