# THIS IS AN AUTOGENERATED FILE. DO NOT EDIT THIS FILE DIRECTLY.
# yarn lockfile v1


"@babel/code-frame@^7.26.2":
  version "7.26.2"
  resolved "https://registry.yarnpkg.com/@babel/code-frame/-/code-frame-7.26.2.tgz#4b5fab97d33338eff916235055f0ebc21e573a85"
  integrity sha512-RJlIHRueQgwWitWgF8OdFYGZX328Ax5BCemNGlqHfplnRT9ESi8JkFlvaVYbS+UubVY6dpv87Fs2u5M29iNFVQ==
  dependencies:
    "@babel/helper-validator-identifier" "^7.25.9"
    js-tokens "^4.0.0"
    picocolors "^1.0.0"

"@babel/helper-validator-identifier@^7.25.9":
  version "7.25.9"
  resolved "https://registry.yarnpkg.com/@babel/helper-validator-identifier/-/helper-validator-identifier-7.25.9.tgz#24b64e2c3ec7cd3b3c547729b8d16871f22cbdc7"
  integrity sha512-Ed61U6XJc3CVRfkERJWDz4dJwKe7iLmmJsbOGu9wSloNSFttHV0I8g6UAgb7qnK5ly5bGLPd4oXZlxCdANBOWQ==

"@codemirror/language@^6.11.0":
  version "6.11.0"
  resolved "https://registry.yarnpkg.com/@codemirror/language/-/language-6.11.0.tgz#5ae90972601497f4575f30811519d720bf7232c9"
  integrity sha512-A7+f++LodNNc1wGgoRDTt78cOwWm9KVezApgjOMp1W4hM0898nsqBXwF+sbePE7ZRcjN7Sa1Z5m2oN27XkmEjQ==
  dependencies:
    "@codemirror/state" "^6.0.0"
    "@codemirror/view" "^6.23.0"
    "@lezer/common" "^1.1.0"
    "@lezer/highlight" "^1.0.0"
    "@lezer/lr" "^1.0.0"
    style-mod "^4.0.0"

"@codemirror/state@^6.0.0", "@codemirror/state@^6.4.1", "@codemirror/state@^6.5.0":
  version "6.5.0"
  resolved "https://registry.yarnpkg.com/@codemirror/state/-/state-6.5.0.tgz#e98dde85620618651543152fe1c2483300a0ccc9"
  integrity sha512-MwBHVK60IiIHDcoMet78lxt6iw5gJOGSbNbOIVBHWVXIH4/Nq1+GQgLLGgI1KlnN86WDXsPudVaqYHKBIx7Eyw==
  dependencies:
    "@marijn/find-cluster-break" "^1.0.0"

"@codemirror/view@^6.23.0":
  version "6.36.1"
  resolved "https://registry.yarnpkg.com/@codemirror/view/-/view-6.36.1.tgz#3c543b8fd72c96b30c4b2b1464d1ebce7e0c5c4b"
  integrity sha512-miD1nyT4m4uopZaDdO2uXU/LLHliKNYL9kB1C1wJHrunHLm/rpkb5QVSokqgw9hFqEZakrdlb/VGWX8aYZTslQ==
  dependencies:
    "@codemirror/state" "^6.5.0"
    style-mod "^4.1.0"
    w3c-keyname "^2.2.4"

"@esbuild/aix-ppc64@0.21.5":
  version "0.21.5"
  resolved "https://registry.yarnpkg.com/@esbuild/aix-ppc64/-/aix-ppc64-0.21.5.tgz#c7184a326533fcdf1b8ee0733e21c713b975575f"
  integrity sha512-1SDgH6ZSPTlggy1yI6+Dbkiz8xzpHJEVAlF/AM1tHPLsf5STom9rwtjE4hKAF20FfXXNTFqEYXyJNWh1GiZedQ==

"@esbuild/android-arm64@0.21.5":
  version "0.21.5"
  resolved "https://registry.yarnpkg.com/@esbuild/android-arm64/-/android-arm64-0.21.5.tgz#09d9b4357780da9ea3a7dfb833a1f1ff439b4052"
  integrity sha512-c0uX9VAUBQ7dTDCjq+wdyGLowMdtR/GoC2U5IYk/7D1H1JYC0qseD7+11iMP2mRLN9RcCMRcjC4YMclCzGwS/A==

"@esbuild/android-arm@0.21.5":
  version "0.21.5"
  resolved "https://registry.yarnpkg.com/@esbuild/android-arm/-/android-arm-0.21.5.tgz#9b04384fb771926dfa6d7ad04324ecb2ab9b2e28"
  integrity sha512-vCPvzSjpPHEi1siZdlvAlsPxXl7WbOVUBBAowWug4rJHb68Ox8KualB+1ocNvT5fjv6wpkX6o/iEpbDrf68zcg==

"@esbuild/android-x64@0.21.5":
  version "0.21.5"
  resolved "https://registry.yarnpkg.com/@esbuild/android-x64/-/android-x64-0.21.5.tgz#29918ec2db754cedcb6c1b04de8cd6547af6461e"
  integrity sha512-D7aPRUUNHRBwHxzxRvp856rjUHRFW1SdQATKXH2hqA0kAZb1hKmi02OpYRacl0TxIGz/ZmXWlbZgjwWYaCakTA==

"@esbuild/darwin-arm64@0.21.5":
  version "0.21.5"
  resolved "https://registry.yarnpkg.com/@esbuild/darwin-arm64/-/darwin-arm64-0.21.5.tgz#e495b539660e51690f3928af50a76fb0a6ccff2a"
  integrity sha512-DwqXqZyuk5AiWWf3UfLiRDJ5EDd49zg6O9wclZ7kUMv2WRFr4HKjXp/5t8JZ11QbQfUS6/cRCKGwYhtNAY88kQ==

"@esbuild/darwin-x64@0.21.5":
  version "0.21.5"
  resolved "https://registry.yarnpkg.com/@esbuild/darwin-x64/-/darwin-x64-0.21.5.tgz#c13838fa57372839abdddc91d71542ceea2e1e22"
  integrity sha512-se/JjF8NlmKVG4kNIuyWMV/22ZaerB+qaSi5MdrXtd6R08kvs2qCN4C09miupktDitvh8jRFflwGFBQcxZRjbw==

"@esbuild/freebsd-arm64@0.21.5":
  version "0.21.5"
  resolved "https://registry.yarnpkg.com/@esbuild/freebsd-arm64/-/freebsd-arm64-0.21.5.tgz#646b989aa20bf89fd071dd5dbfad69a3542e550e"
  integrity sha512-5JcRxxRDUJLX8JXp/wcBCy3pENnCgBR9bN6JsY4OmhfUtIHe3ZW0mawA7+RDAcMLrMIZaf03NlQiX9DGyB8h4g==

"@esbuild/freebsd-x64@0.21.5":
  version "0.21.5"
  resolved "https://registry.yarnpkg.com/@esbuild/freebsd-x64/-/freebsd-x64-0.21.5.tgz#aa615cfc80af954d3458906e38ca22c18cf5c261"
  integrity sha512-J95kNBj1zkbMXtHVH29bBriQygMXqoVQOQYA+ISs0/2l3T9/kj42ow2mpqerRBxDJnmkUDCaQT/dfNXWX/ZZCQ==

"@esbuild/linux-arm64@0.21.5":
  version "0.21.5"
  resolved "https://registry.yarnpkg.com/@esbuild/linux-arm64/-/linux-arm64-0.21.5.tgz#70ac6fa14f5cb7e1f7f887bcffb680ad09922b5b"
  integrity sha512-ibKvmyYzKsBeX8d8I7MH/TMfWDXBF3db4qM6sy+7re0YXya+K1cem3on9XgdT2EQGMu4hQyZhan7TeQ8XkGp4Q==

"@esbuild/linux-arm@0.21.5":
  version "0.21.5"
  resolved "https://registry.yarnpkg.com/@esbuild/linux-arm/-/linux-arm-0.21.5.tgz#fc6fd11a8aca56c1f6f3894f2bea0479f8f626b9"
  integrity sha512-bPb5AHZtbeNGjCKVZ9UGqGwo8EUu4cLq68E95A53KlxAPRmUyYv2D6F0uUI65XisGOL1hBP5mTronbgo+0bFcA==

"@esbuild/linux-ia32@0.21.5":
  version "0.21.5"
  resolved "https://registry.yarnpkg.com/@esbuild/linux-ia32/-/linux-ia32-0.21.5.tgz#3271f53b3f93e3d093d518d1649d6d68d346ede2"
  integrity sha512-YvjXDqLRqPDl2dvRODYmmhz4rPeVKYvppfGYKSNGdyZkA01046pLWyRKKI3ax8fbJoK5QbxblURkwK/MWY18Tg==

"@esbuild/linux-loong64@0.21.5":
  version "0.21.5"
  resolved "https://registry.yarnpkg.com/@esbuild/linux-loong64/-/linux-loong64-0.21.5.tgz#ed62e04238c57026aea831c5a130b73c0f9f26df"
  integrity sha512-uHf1BmMG8qEvzdrzAqg2SIG/02+4/DHB6a9Kbya0XDvwDEKCoC8ZRWI5JJvNdUjtciBGFQ5PuBlpEOXQj+JQSg==

"@esbuild/linux-mips64el@0.21.5":
  version "0.21.5"
  resolved "https://registry.yarnpkg.com/@esbuild/linux-mips64el/-/linux-mips64el-0.21.5.tgz#e79b8eb48bf3b106fadec1ac8240fb97b4e64cbe"
  integrity sha512-IajOmO+KJK23bj52dFSNCMsz1QP1DqM6cwLUv3W1QwyxkyIWecfafnI555fvSGqEKwjMXVLokcV5ygHW5b3Jbg==

"@esbuild/linux-ppc64@0.21.5":
  version "0.21.5"
  resolved "https://registry.yarnpkg.com/@esbuild/linux-ppc64/-/linux-ppc64-0.21.5.tgz#5f2203860a143b9919d383ef7573521fb154c3e4"
  integrity sha512-1hHV/Z4OEfMwpLO8rp7CvlhBDnjsC3CttJXIhBi+5Aj5r+MBvy4egg7wCbe//hSsT+RvDAG7s81tAvpL2XAE4w==

"@esbuild/linux-riscv64@0.21.5":
  version "0.21.5"
  resolved "https://registry.yarnpkg.com/@esbuild/linux-riscv64/-/linux-riscv64-0.21.5.tgz#07bcafd99322d5af62f618cb9e6a9b7f4bb825dc"
  integrity sha512-2HdXDMd9GMgTGrPWnJzP2ALSokE/0O5HhTUvWIbD3YdjME8JwvSCnNGBnTThKGEB91OZhzrJ4qIIxk/SBmyDDA==

"@esbuild/linux-s390x@0.21.5":
  version "0.21.5"
  resolved "https://registry.yarnpkg.com/@esbuild/linux-s390x/-/linux-s390x-0.21.5.tgz#b7ccf686751d6a3e44b8627ababc8be3ef62d8de"
  integrity sha512-zus5sxzqBJD3eXxwvjN1yQkRepANgxE9lgOW2qLnmr8ikMTphkjgXu1HR01K4FJg8h1kEEDAqDcZQtbrRnB41A==

"@esbuild/linux-x64@0.21.5":
  version "0.21.5"
  resolved "https://registry.yarnpkg.com/@esbuild/linux-x64/-/linux-x64-0.21.5.tgz#6d8f0c768e070e64309af8004bb94e68ab2bb3b0"
  integrity sha512-1rYdTpyv03iycF1+BhzrzQJCdOuAOtaqHTWJZCWvijKD2N5Xu0TtVC8/+1faWqcP9iBCWOmjmhoH94dH82BxPQ==

"@esbuild/netbsd-x64@0.21.5":
  version "0.21.5"
  resolved "https://registry.yarnpkg.com/@esbuild/netbsd-x64/-/netbsd-x64-0.21.5.tgz#bbe430f60d378ecb88decb219c602667387a6047"
  integrity sha512-Woi2MXzXjMULccIwMnLciyZH4nCIMpWQAs049KEeMvOcNADVxo0UBIQPfSmxB3CWKedngg7sWZdLvLczpe0tLg==

"@esbuild/openbsd-x64@0.21.5":
  version "0.21.5"
  resolved "https://registry.yarnpkg.com/@esbuild/openbsd-x64/-/openbsd-x64-0.21.5.tgz#99d1cf2937279560d2104821f5ccce220cb2af70"
  integrity sha512-HLNNw99xsvx12lFBUwoT8EVCsSvRNDVxNpjZ7bPn947b8gJPzeHWyNVhFsaerc0n3TsbOINvRP2byTZ5LKezow==

"@esbuild/sunos-x64@0.21.5":
  version "0.21.5"
  resolved "https://registry.yarnpkg.com/@esbuild/sunos-x64/-/sunos-x64-0.21.5.tgz#08741512c10d529566baba837b4fe052c8f3487b"
  integrity sha512-6+gjmFpfy0BHU5Tpptkuh8+uw3mnrvgs+dSPQXQOv3ekbordwnzTVEb4qnIvQcYXq6gzkyTnoZ9dZG+D4garKg==

"@esbuild/win32-arm64@0.21.5":
  version "0.21.5"
  resolved "https://registry.yarnpkg.com/@esbuild/win32-arm64/-/win32-arm64-0.21.5.tgz#675b7385398411240735016144ab2e99a60fc75d"
  integrity sha512-Z0gOTd75VvXqyq7nsl93zwahcTROgqvuAcYDUr+vOv8uHhNSKROyU961kgtCD1e95IqPKSQKH7tBTslnS3tA8A==

"@esbuild/win32-ia32@0.21.5":
  version "0.21.5"
  resolved "https://registry.yarnpkg.com/@esbuild/win32-ia32/-/win32-ia32-0.21.5.tgz#1bfc3ce98aa6ca9a0969e4d2af72144c59c1193b"
  integrity sha512-SWXFF1CL2RVNMaVs+BBClwtfZSvDgtL//G/smwAc5oVK/UPu2Gu9tIaRgFmYFFKrmg3SyAjSrElf0TiJ1v8fYA==

"@esbuild/win32-x64@0.21.5":
  version "0.21.5"
  resolved "https://registry.yarnpkg.com/@esbuild/win32-x64/-/win32-x64-0.21.5.tgz#acad351d582d157bb145535db2a6ff53dd514b5c"
  integrity sha512-tQd/1efJuzPC6rCFwEvLtci/xNFcTZknmXs98FYDfGE4wP9ClFV98nyKrzJKVPMhdDnjzLhdUyMX4PsQAPjwIw==

"@jridgewell/sourcemap-codec@^1.5.0":
  version "1.5.0"
  resolved "https://registry.yarnpkg.com/@jridgewell/sourcemap-codec/-/sourcemap-codec-1.5.0.tgz#3188bcb273a414b0d215fd22a58540b989b9409a"
  integrity sha512-gv3ZRaISU3fjPAgNsriBRqGWQL6quFx04YMPW/zD8XMLsU32mhCCbfbO6KZFLjvYpCZ8zyDEgqsgf+PwPaM7GQ==

"@lezer/common@^1.0.0", "@lezer/common@^1.1.0":
  version "1.2.3"
  resolved "https://registry.yarnpkg.com/@lezer/common/-/common-1.2.3.tgz#138fcddab157d83da557554851017c6c1e5667fd"
  integrity sha512-w7ojc8ejBqr2REPsWxJjrMFsA/ysDCFICn8zEOR9mrqzOu2amhITYuLD8ag6XZf0CFXDrhKqw7+tW8cX66NaDA==

"@lezer/generator@^1.7.2":
  version "1.7.2"
  resolved "https://registry.yarnpkg.com/@lezer/generator/-/generator-1.7.2.tgz#a491c91eb9f117ea803e748fa97574514156a2a3"
  integrity sha512-CwgULPOPPmH54tv4gki18bElLCdJ1+FBC+nGVSVD08vFWDsMjS7KEjNTph9JOypDnet90ujN3LzQiW3CyVODNQ==
  dependencies:
    "@lezer/common" "^1.1.0"
    "@lezer/lr" "^1.3.0"

"@lezer/highlight@^1.0.0", "@lezer/highlight@^1.2.1":
  version "1.2.1"
  resolved "https://registry.yarnpkg.com/@lezer/highlight/-/highlight-1.2.1.tgz#596fa8f9aeb58a608be0a563e960c373cbf23f8b"
  integrity sha512-Z5duk4RN/3zuVO7Jq0pGLJ3qynpxUVsh7IbUbGj88+uV2ApSAn6kWg2au3iJb+0Zi7kKtqffIESgNcRXWZWmSA==
  dependencies:
    "@lezer/common" "^1.0.0"

"@lezer/lr@^1.0.0", "@lezer/lr@^1.3.0":
  version "1.4.2"
  resolved "https://registry.yarnpkg.com/@lezer/lr/-/lr-1.4.2.tgz#931ea3dea8e9de84e90781001dae30dea9ff1727"
  integrity sha512-pu0K1jCIdnQ12aWNaAVU5bzi7Bd1w54J3ECgANPmYLtQKP0HBj2cE/5coBD66MT10xbtIuUr7tg0Shbsvk0mDA==
  dependencies:
    "@lezer/common" "^1.0.0"

"@marijn/find-cluster-break@^1.0.0":
  version "1.0.2"
  resolved "https://registry.yarnpkg.com/@marijn/find-cluster-break/-/find-cluster-break-1.0.2.tgz#775374306116d51c0c500b8c4face0f9a04752d8"
  integrity sha512-l0h88YhZFyKdXIFNfSWpyjStDjGHwZ/U7iobcK1cQQD8sejsONdQtTVU+1wVN1PBw40PiiHB1vA5S7VTfQiP9g==

"@rollup/plugin-typescript@^12.1.2":
  version "12.1.2"
  resolved "https://registry.yarnpkg.com/@rollup/plugin-typescript/-/plugin-typescript-12.1.2.tgz#ebaeec2e7376faa889030ccd7cb485a649e63118"
  integrity sha512-cdtSp154H5sv637uMr1a8OTWB0L1SWDSm1rDGiyfcGcvQ6cuTs4MDk2BVEBGysUWago4OJN4EQZqOTl/QY3Jgg==
  dependencies:
    "@rollup/pluginutils" "^5.1.0"
    resolve "^1.22.1"

"@rollup/pluginutils@^5.1.0":
  version "5.1.4"
  resolved "https://registry.yarnpkg.com/@rollup/pluginutils/-/pluginutils-5.1.4.tgz#bb94f1f9eaaac944da237767cdfee6c5b2262d4a"
  integrity sha512-USm05zrsFxYLPdWWq+K3STlWiT/3ELn3RcV5hJMghpeAIhxfsUIg6mt12CBJBInWMV4VneoV7SfGv8xIwo2qNQ==
  dependencies:
    "@types/estree" "^1.0.0"
    estree-walker "^2.0.2"
    picomatch "^4.0.2"

"@rollup/rollup-android-arm-eabi@4.39.0":
  version "4.39.0"
  resolved "https://registry.yarnpkg.com/@rollup/rollup-android-arm-eabi/-/rollup-android-arm-eabi-4.39.0.tgz#1d8cc5dd3d8ffe569d8f7f67a45c7909828a0f66"
  integrity sha512-lGVys55Qb00Wvh8DMAocp5kIcaNzEFTmGhfFd88LfaogYTRKrdxgtlO5H6S49v2Nd8R2C6wLOal0qv6/kCkOwA==

"@rollup/rollup-android-arm64@4.39.0":
  version "4.39.0"
  resolved "https://registry.yarnpkg.com/@rollup/rollup-android-arm64/-/rollup-android-arm64-4.39.0.tgz#9c136034d3d9ed29d0b138c74dd63c5744507fca"
  integrity sha512-It9+M1zE31KWfqh/0cJLrrsCPiF72PoJjIChLX+rEcujVRCb4NLQ5QzFkzIZW8Kn8FTbvGQBY5TkKBau3S8cCQ==

"@rollup/rollup-darwin-arm64@4.39.0":
  version "4.39.0"
  resolved "https://registry.yarnpkg.com/@rollup/rollup-darwin-arm64/-/rollup-darwin-arm64-4.39.0.tgz#830d07794d6a407c12b484b8cf71affd4d3800a6"
  integrity sha512-lXQnhpFDOKDXiGxsU9/l8UEGGM65comrQuZ+lDcGUx+9YQ9dKpF3rSEGepyeR5AHZ0b5RgiligsBhWZfSSQh8Q==

"@rollup/rollup-darwin-x64@4.39.0":
  version "4.39.0"
  resolved "https://registry.yarnpkg.com/@rollup/rollup-darwin-x64/-/rollup-darwin-x64-4.39.0.tgz#b26f0f47005c1fa5419a880f323ed509dc8d885c"
  integrity sha512-mKXpNZLvtEbgu6WCkNij7CGycdw9cJi2k9v0noMb++Vab12GZjFgUXD69ilAbBh034Zwn95c2PNSz9xM7KYEAQ==

"@rollup/rollup-freebsd-arm64@4.39.0":
  version "4.39.0"
  resolved "https://registry.yarnpkg.com/@rollup/rollup-freebsd-arm64/-/rollup-freebsd-arm64-4.39.0.tgz#2b60c81ac01ff7d1bc8df66aee7808b6690c6d19"
  integrity sha512-jivRRlh2Lod/KvDZx2zUR+I4iBfHcu2V/BA2vasUtdtTN2Uk3jfcZczLa81ESHZHPHy4ih3T/W5rPFZ/hX7RtQ==

"@rollup/rollup-freebsd-x64@4.39.0":
  version "4.39.0"
  resolved "https://registry.yarnpkg.com/@rollup/rollup-freebsd-x64/-/rollup-freebsd-x64-4.39.0.tgz#4826af30f4d933d82221289068846c9629cc628c"
  integrity sha512-8RXIWvYIRK9nO+bhVz8DwLBepcptw633gv/QT4015CpJ0Ht8punmoHU/DuEd3iw9Hr8UwUV+t+VNNuZIWYeY7Q==

"@rollup/rollup-linux-arm-gnueabihf@4.39.0":
  version "4.39.0"
  resolved "https://registry.yarnpkg.com/@rollup/rollup-linux-arm-gnueabihf/-/rollup-linux-arm-gnueabihf-4.39.0.tgz#a1f4f963d5dcc9e5575c7acf9911824806436bf7"
  integrity sha512-mz5POx5Zu58f2xAG5RaRRhp3IZDK7zXGk5sdEDj4o96HeaXhlUwmLFzNlc4hCQi5sGdR12VDgEUqVSHer0lI9g==

"@rollup/rollup-linux-arm-musleabihf@4.39.0":
  version "4.39.0"
  resolved "https://registry.yarnpkg.com/@rollup/rollup-linux-arm-musleabihf/-/rollup-linux-arm-musleabihf-4.39.0.tgz#e924b0a8b7c400089146f6278446e6b398b75a06"
  integrity sha512-+YDwhM6gUAyakl0CD+bMFpdmwIoRDzZYaTWV3SDRBGkMU/VpIBYXXEvkEcTagw/7VVkL2vA29zU4UVy1mP0/Yw==

"@rollup/rollup-linux-arm64-gnu@4.39.0":
  version "4.39.0"
  resolved "https://registry.yarnpkg.com/@rollup/rollup-linux-arm64-gnu/-/rollup-linux-arm64-gnu-4.39.0.tgz#cb43303274ec9a716f4440b01ab4e20c23aebe20"
  integrity sha512-EKf7iF7aK36eEChvlgxGnk7pdJfzfQbNvGV/+l98iiMwU23MwvmV0Ty3pJ0p5WQfm3JRHOytSIqD9LB7Bq7xdQ==

"@rollup/rollup-linux-arm64-musl@4.39.0":
  version "4.39.0"
  resolved "https://registry.yarnpkg.com/@rollup/rollup-linux-arm64-musl/-/rollup-linux-arm64-musl-4.39.0.tgz#531c92533ce3d167f2111bfcd2aa1a2041266987"
  integrity sha512-vYanR6MtqC7Z2SNr8gzVnzUul09Wi1kZqJaek3KcIlI/wq5Xtq4ZPIZ0Mr/st/sv/NnaPwy/D4yXg5x0B3aUUA==

"@rollup/rollup-linux-loongarch64-gnu@4.39.0":
  version "4.39.0"
  resolved "https://registry.yarnpkg.com/@rollup/rollup-linux-loongarch64-gnu/-/rollup-linux-loongarch64-gnu-4.39.0.tgz#53403889755d0c37c92650aad016d5b06c1b061a"
  integrity sha512-NMRUT40+h0FBa5fb+cpxtZoGAggRem16ocVKIv5gDB5uLDgBIwrIsXlGqYbLwW8YyO3WVTk1FkFDjMETYlDqiw==

"@rollup/rollup-linux-powerpc64le-gnu@4.39.0":
  version "4.39.0"
  resolved "https://registry.yarnpkg.com/@rollup/rollup-linux-powerpc64le-gnu/-/rollup-linux-powerpc64le-gnu-4.39.0.tgz#f669f162e29094c819c509e99dbeced58fc708f9"
  integrity sha512-0pCNnmxgduJ3YRt+D+kJ6Ai/r+TaePu9ZLENl+ZDV/CdVczXl95CbIiwwswu4L+K7uOIGf6tMo2vm8uadRaICQ==

"@rollup/rollup-linux-riscv64-gnu@4.39.0":
  version "4.39.0"
  resolved "https://registry.yarnpkg.com/@rollup/rollup-linux-riscv64-gnu/-/rollup-linux-riscv64-gnu-4.39.0.tgz#4bab37353b11bcda5a74ca11b99dea929657fd5f"
  integrity sha512-t7j5Zhr7S4bBtksT73bO6c3Qa2AV/HqiGlj9+KB3gNF5upcVkx+HLgxTm8DK4OkzsOYqbdqbLKwvGMhylJCPhQ==

"@rollup/rollup-linux-riscv64-musl@4.39.0":
  version "4.39.0"
  resolved "https://registry.yarnpkg.com/@rollup/rollup-linux-riscv64-musl/-/rollup-linux-riscv64-musl-4.39.0.tgz#4d66be1ce3cfd40a7910eb34dddc7cbd4c2dd2a5"
  integrity sha512-m6cwI86IvQ7M93MQ2RF5SP8tUjD39Y7rjb1qjHgYh28uAPVU8+k/xYWvxRO3/tBN2pZkSMa5RjnPuUIbrwVxeA==

"@rollup/rollup-linux-s390x-gnu@4.39.0":
  version "4.39.0"
  resolved "https://registry.yarnpkg.com/@rollup/rollup-linux-s390x-gnu/-/rollup-linux-s390x-gnu-4.39.0.tgz#7181c329395ed53340a0c59678ad304a99627f6d"
  integrity sha512-iRDJd2ebMunnk2rsSBYlsptCyuINvxUfGwOUldjv5M4tpa93K8tFMeYGpNk2+Nxl+OBJnBzy2/JCscGeO507kA==

"@rollup/rollup-linux-x64-gnu@4.39.0":
  version "4.39.0"
  resolved "https://registry.yarnpkg.com/@rollup/rollup-linux-x64-gnu/-/rollup-linux-x64-gnu-4.39.0.tgz#00825b3458094d5c27cb4ed66e88bfe9f1e65f90"
  integrity sha512-t9jqYw27R6Lx0XKfEFe5vUeEJ5pF3SGIM6gTfONSMb7DuG6z6wfj2yjcoZxHg129veTqU7+wOhY6GX8wmf90dA==

"@rollup/rollup-linux-x64-musl@4.39.0":
  version "4.39.0"
  resolved "https://registry.yarnpkg.com/@rollup/rollup-linux-x64-musl/-/rollup-linux-x64-musl-4.39.0.tgz#81caac2a31b8754186f3acc142953a178fcd6fba"
  integrity sha512-ThFdkrFDP55AIsIZDKSBWEt/JcWlCzydbZHinZ0F/r1h83qbGeenCt/G/wG2O0reuENDD2tawfAj2s8VK7Bugg==

"@rollup/rollup-win32-arm64-msvc@4.39.0":
  version "4.39.0"
  resolved "https://registry.yarnpkg.com/@rollup/rollup-win32-arm64-msvc/-/rollup-win32-arm64-msvc-4.39.0.tgz#3a3f421f5ce9bd99ed20ce1660cce7cee3e9f199"
  integrity sha512-jDrLm6yUtbOg2TYB3sBF3acUnAwsIksEYjLeHL+TJv9jg+TmTwdyjnDex27jqEMakNKf3RwwPahDIt7QXCSqRQ==

"@rollup/rollup-win32-ia32-msvc@4.39.0":
  version "4.39.0"
  resolved "https://registry.yarnpkg.com/@rollup/rollup-win32-ia32-msvc/-/rollup-win32-ia32-msvc-4.39.0.tgz#a44972d5cdd484dfd9cf3705a884bf0c2b7785a7"
  integrity sha512-6w9uMuza+LbLCVoNKL5FSLE7yvYkq9laSd09bwS0tMjkwXrmib/4KmoJcrKhLWHvw19mwU+33ndC69T7weNNjQ==

"@rollup/rollup-win32-x64-msvc@4.39.0":
  version "4.39.0"
  resolved "https://registry.yarnpkg.com/@rollup/rollup-win32-x64-msvc/-/rollup-win32-x64-msvc-4.39.0.tgz#bfe0214e163f70c4fec1c8f7bb8ce266f4c05b7e"
  integrity sha512-yAkUOkIKZlK5dl7u6dg897doBgLXmUHhIINM2c+sND3DZwnrdQkkSiDh7N75Ll4mM4dxSkYfXqU9fW3lLkMFug==

"@types/estree@1.0.7", "@types/estree@^1.0.0":
  version "1.0.7"
  resolved "https://registry.yarnpkg.com/@types/estree/-/estree-1.0.7.tgz#4158d3105276773d5b7695cd4834b1722e4f37a8"
  integrity sha512-w28IoSUCJpidD/TGviZwwMJckNESJZXFu7NBZ5YJ4mEUnNraUn9Pm8HSZm/jDF1pDWYKspWE7oVphigUPRakIQ==

"@vitest/expect@2.1.9":
  version "2.1.9"
  resolved "https://registry.yarnpkg.com/@vitest/expect/-/expect-2.1.9.tgz#b566ea20d58ea6578d8dc37040d6c1a47ebe5ff8"
  integrity sha512-UJCIkTBenHeKT1TTlKMJWy1laZewsRIzYighyYiJKZreqtdxSos/S1t+ktRMQWu2CKqaarrkeszJx1cgC5tGZw==
  dependencies:
    "@vitest/spy" "2.1.9"
    "@vitest/utils" "2.1.9"
    chai "^5.1.2"
    tinyrainbow "^1.2.0"

"@vitest/mocker@2.1.9":
  version "2.1.9"
  resolved "https://registry.yarnpkg.com/@vitest/mocker/-/mocker-2.1.9.tgz#36243b27351ca8f4d0bbc4ef91594ffd2dc25ef5"
  integrity sha512-tVL6uJgoUdi6icpxmdrn5YNo3g3Dxv+IHJBr0GXHaEdTcw3F+cPKnsXFhli6nO+f/6SDKPHEK1UN+k+TQv0Ehg==
  dependencies:
    "@vitest/spy" "2.1.9"
    estree-walker "^3.0.3"
    magic-string "^0.30.12"

"@vitest/pretty-format@2.1.9", "@vitest/pretty-format@^2.1.9":
  version "2.1.9"
  resolved "https://registry.yarnpkg.com/@vitest/pretty-format/-/pretty-format-2.1.9.tgz#434ff2f7611689f9ce70cd7d567eceb883653fdf"
  integrity sha512-KhRIdGV2U9HOUzxfiHmY8IFHTdqtOhIzCpd8WRdJiE7D/HUcZVD0EgQCVjm+Q9gkUXWgBvMmTtZgIG48wq7sOQ==
  dependencies:
    tinyrainbow "^1.2.0"

"@vitest/runner@2.1.9":
  version "2.1.9"
  resolved "https://registry.yarnpkg.com/@vitest/runner/-/runner-2.1.9.tgz#cc18148d2d797fd1fd5908d1f1851d01459be2f6"
  integrity sha512-ZXSSqTFIrzduD63btIfEyOmNcBmQvgOVsPNPe0jYtESiXkhd8u2erDLnMxmGrDCwHCCHE7hxwRDCT3pt0esT4g==
  dependencies:
    "@vitest/utils" "2.1.9"
    pathe "^1.1.2"

"@vitest/snapshot@2.1.9":
  version "2.1.9"
  resolved "https://registry.yarnpkg.com/@vitest/snapshot/-/snapshot-2.1.9.tgz#24260b93f798afb102e2dcbd7e61c6dfa118df91"
  integrity sha512-oBO82rEjsxLNJincVhLhaxxZdEtV0EFHMK5Kmx5sJ6H9L183dHECjiefOAdnqpIgT5eZwT04PoggUnW88vOBNQ==
  dependencies:
    "@vitest/pretty-format" "2.1.9"
    magic-string "^0.30.12"
    pathe "^1.1.2"

"@vitest/spy@2.1.9":
  version "2.1.9"
  resolved "https://registry.yarnpkg.com/@vitest/spy/-/spy-2.1.9.tgz#cb28538c5039d09818b8bfa8edb4043c94727c60"
  integrity sha512-E1B35FwzXXTs9FHNK6bDszs7mtydNi5MIfUWpceJ8Xbfb1gBMscAnwLbEu+B44ed6W3XjL9/ehLPHR1fkf1KLQ==
  dependencies:
    tinyspy "^3.0.2"

"@vitest/utils@2.1.9":
  version "2.1.9"
  resolved "https://registry.yarnpkg.com/@vitest/utils/-/utils-2.1.9.tgz#4f2486de8a54acf7ecbf2c5c24ad7994a680a6c1"
  integrity sha512-v0psaMSkNJ3A2NMrUEHFRzJtDPFn+/VWZ5WxImB21T9fjucJRmS7xCS3ppEnARb9y11OAzaD+P2Ps+b+BGX5iQ==
  dependencies:
    "@vitest/pretty-format" "2.1.9"
    loupe "^3.1.2"
    tinyrainbow "^1.2.0"

assertion-error@^2.0.1:
  version "2.0.1"
  resolved "https://registry.yarnpkg.com/assertion-error/-/assertion-error-2.0.1.tgz#f641a196b335690b1070bf00b6e7593fec190bf7"
  integrity sha512-Izi8RQcffqCeNVgFigKli1ssklIbpHnCYc6AknXGYoB6grJqyeby7jv12JUQgmTAnIDnbck1uxksT4dzN3PWBA==

cac@^6.7.14:
  version "6.7.14"
  resolved "https://registry.yarnpkg.com/cac/-/cac-6.7.14.tgz#804e1e6f506ee363cb0e3ccbb09cad5dd9870959"
  integrity sha512-b6Ilus+c3RrdDk+JhLKUAQfzzgLEPy6wcXqS7f/xe1EETvsDP6GORG7SFuOs6cID5YkqchW/LXZbX5bc8j7ZcQ==

chai@^5.1.2:
  version "5.1.2"
  resolved "https://registry.yarnpkg.com/chai/-/chai-5.1.2.tgz#3afbc340b994ae3610ca519a6c70ace77ad4378d"
  integrity sha512-aGtmf24DW6MLHHG5gCx4zaI3uBq3KRtxeVs0DjFH6Z0rDNbsvTxFASFvdj79pxjxZ8/5u3PIiN3IwEIQkiiuPw==
  dependencies:
    assertion-error "^2.0.1"
    check-error "^2.1.1"
    deep-eql "^5.0.1"
    loupe "^3.1.0"
    pathval "^2.0.0"

check-error@^2.1.1:
  version "2.1.1"
  resolved "https://registry.yarnpkg.com/check-error/-/check-error-2.1.1.tgz#87eb876ae71ee388fa0471fe423f494be1d96ccc"
  integrity sha512-OAlb+T7V4Op9OwdkjmguYRqncdlx5JiofwOAUkmTF+jNdHwzTaTs4sRAGpzLF3oOz5xAyDGrPgeIDFQmDOTiJw==

debug@^4.1.1, debug@^4.3.7:
  version "4.4.0"
  resolved "https://registry.yarnpkg.com/debug/-/debug-4.4.0.tgz#2b3f2aea2ffeb776477460267377dc8710faba8a"
  integrity sha512-6WTZ/IxCY/T6BALoZHaE4ctp9xm+Z5kY/pzYaCHRFeyVhojxlrm+46y68HA6hr0TcwEssoxNiDEUJQjfPZ/RYA==
  dependencies:
    ms "^2.1.3"

deep-eql@^5.0.1:
  version "5.0.2"
  resolved "https://registry.yarnpkg.com/deep-eql/-/deep-eql-5.0.2.tgz#4b756d8d770a9257300825d52a2c2cff99c3a341"
  integrity sha512-h5k/5U50IJJFpzfL6nO9jaaumfjO/f2NjK/oYB2Djzm4p9L+3T9qWpZqZ2hAbLPuuYq9wrU08WQyBTL5GbPk5Q==

es-module-lexer@^1.5.4:
  version "1.6.0"
  resolved "https://registry.yarnpkg.com/es-module-lexer/-/es-module-lexer-1.6.0.tgz#da49f587fd9e68ee2404fe4e256c0c7d3a81be21"
  integrity sha512-qqnD1yMU6tk/jnaMosogGySTZP8YtUgAffA9nMN+E/rjxcfRQ6IEk7IiozUjgxKoFHBGjTLnrHB/YC45r/59EQ==

esbuild@^0.21.3:
  version "0.21.5"
  resolved "https://registry.yarnpkg.com/esbuild/-/esbuild-0.21.5.tgz#9ca301b120922959b766360d8ac830da0d02997d"
  integrity sha512-mg3OPMV4hXywwpoDxu3Qda5xCKQi+vCTZq8S9J/EpkhB2HzKXq4SNFZE3+NK93JYxc8VMSep+lOUSC/RVKaBqw==
  optionalDependencies:
    "@esbuild/aix-ppc64" "0.21.5"
    "@esbuild/android-arm" "0.21.5"
    "@esbuild/android-arm64" "0.21.5"
    "@esbuild/android-x64" "0.21.5"
    "@esbuild/darwin-arm64" "0.21.5"
    "@esbuild/darwin-x64" "0.21.5"
    "@esbuild/freebsd-arm64" "0.21.5"
    "@esbuild/freebsd-x64" "0.21.5"
    "@esbuild/linux-arm" "0.21.5"
    "@esbuild/linux-arm64" "0.21.5"
    "@esbuild/linux-ia32" "0.21.5"
    "@esbuild/linux-loong64" "0.21.5"
    "@esbuild/linux-mips64el" "0.21.5"
    "@esbuild/linux-ppc64" "0.21.5"
    "@esbuild/linux-riscv64" "0.21.5"
    "@esbuild/linux-s390x" "0.21.5"
    "@esbuild/linux-x64" "0.21.5"
    "@esbuild/netbsd-x64" "0.21.5"
    "@esbuild/openbsd-x64" "0.21.5"
    "@esbuild/sunos-x64" "0.21.5"
    "@esbuild/win32-arm64" "0.21.5"
    "@esbuild/win32-ia32" "0.21.5"
    "@esbuild/win32-x64" "0.21.5"

estree-walker@^2.0.2:
  version "2.0.2"
  resolved "https://registry.yarnpkg.com/estree-walker/-/estree-walker-2.0.2.tgz#52f010178c2a4c117a7757cfe942adb7d2da4cac"
  integrity sha512-Rfkk/Mp/DL7JVje3u18FxFujQlTNR2q6QfMSMB7AvCBx91NGj/ba3kCfza0f6dVDbw7YlRf/nDrn7pQrCCyQ/w==

estree-walker@^3.0.3:
  version "3.0.3"
  resolved "https://registry.yarnpkg.com/estree-walker/-/estree-walker-3.0.3.tgz#67c3e549ec402a487b4fc193d1953a524752340d"
  integrity sha512-7RUKfXgSMMkzt6ZuXmqapOurLGPPfgj6l9uRZ7lRGolvk0y2yocc35LdcxKC5PQZdn2DMqioAQ2NoWcrTKmm6g==
  dependencies:
    "@types/estree" "^1.0.0"

expect-type@^1.1.0:
  version "1.1.0"
  resolved "https://registry.yarnpkg.com/expect-type/-/expect-type-1.1.0.tgz#a146e414250d13dfc49eafcfd1344a4060fa4c75"
  integrity sha512-bFi65yM+xZgk+u/KRIpekdSYkTB5W1pEf0Lt8Q8Msh7b+eQ7LXVtIB1Bkm4fvclDEL1b2CZkMhv2mOeF8tMdkA==

fsevents@~2.3.2, fsevents@~2.3.3:
  version "2.3.3"
  resolved "https://registry.yarnpkg.com/fsevents/-/fsevents-2.3.3.tgz#cac6407785d03675a2a5e1a5305c697b347d90d6"
  integrity sha512-5xoDfX+fL7faATnagmWPpbFtwh/R77WmMMqqHGS65C3vvB0YHrgF+B1YmZ3441tMj5n63k0212XNoJwzlhffQw==

function-bind@^1.1.2:
  version "1.1.2"
  resolved "https://registry.yarnpkg.com/function-bind/-/function-bind-1.1.2.tgz#2c02d864d97f3ea6c8830c464cbd11ab6eab7a1c"
  integrity sha512-7XHNxH7qX9xG5mIwxkhumTox/MIRNcOgDrxWsMt2pAr23WHp6MrRlN7FBSFpCpr+oVO0F744iUgR82nJMfG2SA==

globrex@^0.1.2:
  version "0.1.2"
  resolved "https://registry.yarnpkg.com/globrex/-/globrex-0.1.2.tgz#dd5d9ec826232730cd6793a5e33a9302985e6098"
  integrity sha512-uHJgbwAMwNFf5mLst7IWLNg14x1CkeqglJb/K3doi4dw6q2IvAAmM/Y81kevy83wP+Sst+nutFTYOGg3d1lsxg==

hasown@^2.0.2:
  version "2.0.2"
  resolved "https://registry.yarnpkg.com/hasown/-/hasown-2.0.2.tgz#003eaf91be7adc372e84ec59dc37252cedb80003"
  integrity sha512-0hJU9SCPvmMzIBdZFqNPXWa6dqh7WdH0cII9y+CyS8rG3nL48Bclra9HmKhVVUHyPWNH5Y7xDwAB7bfgSjkUMQ==
  dependencies:
    function-bind "^1.1.2"

is-core-module@^2.16.0:
  version "2.16.1"
  resolved "https://registry.yarnpkg.com/is-core-module/-/is-core-module-2.16.1.tgz#2a98801a849f43e2add644fbb6bc6229b19a4ef4"
  integrity sha512-UfoeMA6fIJ8wTYFEUjelnaGI67v6+N7qXJEvQuIGa99l4xsCruSYOVSQ0uPANn4dAzm8lkYPaKLrrijLq7x23w==
  dependencies:
    hasown "^2.0.2"

js-tokens@^4.0.0:
  version "4.0.0"
  resolved "https://registry.yarnpkg.com/js-tokens/-/js-tokens-4.0.0.tgz#19203fb59991df98e3a287050d4647cdeaf32499"
  integrity sha512-RdJUflcE3cUzKiMqQgsCu06FPu9UdIJO0beYbPhHN4k6apgJtifcoCtT9bcxOpYBtpD2kCM6Sbzg4CausW/PKQ==

loupe@^3.1.0, loupe@^3.1.2:
  version "3.1.2"
  resolved "https://registry.yarnpkg.com/loupe/-/loupe-3.1.2.tgz#c86e0696804a02218f2206124c45d8b15291a240"
  integrity sha512-23I4pFZHmAemUnz8WZXbYRSKYj801VDaNv9ETuMh7IrMc7VuVVSo+Z9iLE3ni30+U48iDWfi30d3twAXBYmnCg==

magic-string@^0.30.12, magic-string@^0.30.17:
  version "0.30.17"
  resolved "https://registry.yarnpkg.com/magic-string/-/magic-string-0.30.17.tgz#450a449673d2460e5bbcfba9a61916a1714c7453"
  integrity sha512-sNPKHvyjVf7gyjwS4xGTaW/mCnF8wnjtifKBEhxfZ7E/S8tQ0rssrwGNn6q8JH/ohItJfSQp9mBtQYuTlH5QnA==
  dependencies:
    "@jridgewell/sourcemap-codec" "^1.5.0"

ms@^2.1.3:
  version "2.1.3"
  resolved "https://registry.yarnpkg.com/ms/-/ms-2.1.3.tgz#574c8138ce1d2b5861f0b44579dbadd60c6615b2"
  integrity sha512-6FlzubTLZG3J2a/NVCAleEhjzq5oxgHyaCU9yYXvcLsvoVaHJq/s5xXI6/XXP6tz7R9xAOtHnSO/tXtF3WRTlA==

nanoid@^3.3.7:
  version "3.3.8"
  resolved "https://registry.yarnpkg.com/nanoid/-/nanoid-3.3.8.tgz#b1be3030bee36aaff18bacb375e5cce521684baf"
  integrity sha512-WNLf5Sd8oZxOm+TzppcYk8gVOgP+l58xNy58D0nbUnOxOWRWvlcCV4kUF7ltmI6PsrLl/BgKEyS4mqsGChFN0w==

path-parse@^1.0.7:
  version "1.0.7"
  resolved "https://registry.yarnpkg.com/path-parse/-/path-parse-1.0.7.tgz#fbc114b60ca42b30d9daf5858e4bd68bbedb6735"
  integrity sha512-LDJzPVEEEPR+y48z93A0Ed0yXb8pAByGWo/k5YYdYgpY2/2EsOsksJrq7lOHxryrVOn1ejG6oAp8ahvOIQD8sw==

pathe@^1.1.2:
  version "1.1.2"
  resolved "https://registry.yarnpkg.com/pathe/-/pathe-1.1.2.tgz#6c4cb47a945692e48a1ddd6e4094d170516437ec"
  integrity sha512-whLdWMYL2TwI08hn8/ZqAbrVemu0LNaNNJZX73O6qaIdCTfXutsLhMkjdENX0qhsQ9uIimo4/aQOmXkoon2nDQ==

pathval@^2.0.0:
  version "2.0.0"
  resolved "https://registry.yarnpkg.com/pathval/-/pathval-2.0.0.tgz#7e2550b422601d4f6b8e26f1301bc8f15a741a25"
  integrity sha512-vE7JKRyES09KiunauX7nd2Q9/L7lhok4smP9RZTDeD4MVs72Dp2qNFVz39Nz5a0FVEW0BJR6C0DYrq6unoziZA==

picocolors@^1.0.0, picocolors@^1.1.1:
  version "1.1.1"
  resolved "https://registry.yarnpkg.com/picocolors/-/picocolors-1.1.1.tgz#3d321af3eab939b083c8f929a1d12cda81c26b6b"
  integrity sha512-xceH2snhtb5M9liqDsmEw56le376mTZkEX/jEb/RxNFyegNul7eNslCXP9FDj/Lcu0X8KEyMceP2ntpaHrDEVA==

picomatch@^4.0.2:
  version "4.0.2"
  resolved "https://registry.yarnpkg.com/picomatch/-/picomatch-4.0.2.tgz#77c742931e8f3b8820946c76cd0c1f13730d1dab"
  integrity sha512-M7BAV6Rlcy5u+m6oPhAPFgJTzAioX/6B0DxyvDlo9l8+T3nLKbrczg2WLUyzd45L8RqfUMyGPzekbMvX2Ldkwg==

postcss@^8.4.43:
  version "8.4.49"
  resolved "https://registry.yarnpkg.com/postcss/-/postcss-8.4.49.tgz#4ea479048ab059ab3ae61d082190fabfd994fe19"
  integrity sha512-OCVPnIObs4N29kxTjzLfUryOkvZEq+pf8jTF0lg8E7uETuWHA+v7j3c/xJmiqpX450191LlmZfUKkXxkTry7nA==
  dependencies:
    nanoid "^3.3.7"
    picocolors "^1.1.1"
    source-map-js "^1.2.1"

resolve@^1.22.1:
  version "1.22.10"
  resolved "https://registry.yarnpkg.com/resolve/-/resolve-1.22.10.tgz#b663e83ffb09bbf2386944736baae803029b8b39"
  integrity sha512-NPRy+/ncIMeDlTAsuqwKIiferiawhefFJtkNSW0qZJEqMEb+qBt/77B/jGeeek+F0uOeN05CDa6HXbbIgtVX4w==
  dependencies:
    is-core-module "^2.16.0"
    path-parse "^1.0.7"
    supports-preserve-symlinks-flag "^1.0.0"

rollup-plugin-dts@^6.2.1:
  version "6.2.1"
  resolved "https://registry.yarnpkg.com/rollup-plugin-dts/-/rollup-plugin-dts-6.2.1.tgz#120a40734f740115da44931d7915a370fe420701"
  integrity sha512-sR3CxYUl7i2CHa0O7bA45mCrgADyAQ0tVtGSqi3yvH28M+eg1+g5d7kQ9hLvEz5dorK3XVsH5L2jwHLQf72DzA==
  dependencies:
    magic-string "^0.30.17"
  optionalDependencies:
    "@babel/code-frame" "^7.26.2"

rollup@^4.20.0, rollup@^4.39.0:
  version "4.39.0"
  resolved "https://registry.yarnpkg.com/rollup/-/rollup-4.39.0.tgz#9dc1013b70c0e2cb70ef28350142e9b81b3f640c"
  integrity sha512-thI8kNc02yNvnmJp8dr3fNWJ9tCONDhp6TV35X6HkKGGs9E6q7YWCHbe5vKiTa7TAiNcFEmXKj3X/pG2b3ci0g==
  dependencies:
    "@types/estree" "1.0.7"
  optionalDependencies:
    "@rollup/rollup-android-arm-eabi" "4.39.0"
    "@rollup/rollup-android-arm64" "4.39.0"
    "@rollup/rollup-darwin-arm64" "4.39.0"
    "@rollup/rollup-darwin-x64" "4.39.0"
    "@rollup/rollup-freebsd-arm64" "4.39.0"
    "@rollup/rollup-freebsd-x64" "4.39.0"
    "@rollup/rollup-linux-arm-gnueabihf" "4.39.0"
    "@rollup/rollup-linux-arm-musleabihf" "4.39.0"
    "@rollup/rollup-linux-arm64-gnu" "4.39.0"
    "@rollup/rollup-linux-arm64-musl" "4.39.0"
    "@rollup/rollup-linux-loongarch64-gnu" "4.39.0"
    "@rollup/rollup-linux-powerpc64le-gnu" "4.39.0"
    "@rollup/rollup-linux-riscv64-gnu" "4.39.0"
    "@rollup/rollup-linux-riscv64-musl" "4.39.0"
    "@rollup/rollup-linux-s390x-gnu" "4.39.0"
    "@rollup/rollup-linux-x64-gnu" "4.39.0"
    "@rollup/rollup-linux-x64-musl" "4.39.0"
    "@rollup/rollup-win32-arm64-msvc" "4.39.0"
    "@rollup/rollup-win32-ia32-msvc" "4.39.0"
    "@rollup/rollup-win32-x64-msvc" "4.39.0"
    fsevents "~2.3.2"

siginfo@^2.0.0:
  version "2.0.0"
  resolved "https://registry.yarnpkg.com/siginfo/-/siginfo-2.0.0.tgz#32e76c70b79724e3bb567cb9d543eb858ccfaf30"
  integrity sha512-ybx0WO1/8bSBLEWXZvEd7gMW3Sn3JFlW3TvX1nREbDLRNQNaeNN8WK0meBwPdAaOI7TtRRRJn/Es1zhrrCHu7g==

source-map-js@^1.2.1:
  version "1.2.1"
  resolved "https://registry.yarnpkg.com/source-map-js/-/source-map-js-1.2.1.tgz#1ce5650fddd87abc099eda37dcff024c2667ae46"
  integrity sha512-UXWMKhLOwVKb728IUtQPXxfYU+usdybtUrK/8uGE8CQMvrhOpwvzDBwj0QhSL7MQc7vIsISBG8VQ8+IDQxpfQA==

stackback@0.0.2:
  version "0.0.2"
  resolved "https://registry.yarnpkg.com/stackback/-/stackback-0.0.2.tgz#1ac8a0d9483848d1695e418b6d031a3c3ce68e3b"
  integrity sha512-1XMJE5fQo1jGH6Y/7ebnwPOBEkIEnT4QF32d5R1+VXdXveM0IBMJt8zfaxX1P3QhVwrYe+576+jkANtSS2mBbw==

std-env@^3.8.0:
  version "3.8.0"
  resolved "https://registry.yarnpkg.com/std-env/-/std-env-3.8.0.tgz#b56ffc1baf1a29dcc80a3bdf11d7fca7c315e7d5"
  integrity sha512-Bc3YwwCB+OzldMxOXJIIvC6cPRWr/LxOp48CdQTOkPyk/t4JWWJbrilwBd7RJzKV8QW7tJkcgAmeuLLJugl5/w==

style-mod@^4.0.0, style-mod@^4.1.0:
  version "4.1.2"
  resolved "https://registry.yarnpkg.com/style-mod/-/style-mod-4.1.2.tgz#ca238a1ad4786520f7515a8539d5a63691d7bf67"
  integrity sha512-wnD1HyVqpJUI2+eKZ+eo1UwghftP6yuFheBqqe+bWCotBjC2K1YnteJILRMs3SM4V/0dLEW1SC27MWP5y+mwmw==

supports-preserve-symlinks-flag@^1.0.0:
  version "1.0.0"
  resolved "https://registry.yarnpkg.com/supports-preserve-symlinks-flag/-/supports-preserve-symlinks-flag-1.0.0.tgz#6eda4bd344a3c94aea376d4cc31bc77311039e09"
  integrity sha512-ot0WnXS9fgdkgIcePe6RHNk1WA8+muPa6cSjeR3V8K27q9BB1rTE3R1p7Hv0z1ZyAc8s6Vvv8DIyWf681MAt0w==

tinybench@^2.9.0:
  version "2.9.0"
  resolved "https://registry.yarnpkg.com/tinybench/-/tinybench-2.9.0.tgz#103c9f8ba6d7237a47ab6dd1dcff77251863426b"
  integrity sha512-0+DUvqWMValLmha6lr4kD8iAMK1HzV0/aKnCtWb9v9641TnP/MFb7Pc2bxoxQjTXAErryXVgUOfv2YqNllqGeg==

tinyexec@^0.3.1:
  version "0.3.2"
  resolved "https://registry.yarnpkg.com/tinyexec/-/tinyexec-0.3.2.tgz#941794e657a85e496577995c6eef66f53f42b3d2"
  integrity sha512-KQQR9yN7R5+OSwaK0XQoj22pwHoTlgYqmUscPYoknOoWCWfj/5/ABTMRi69FrKU5ffPVh5QcFikpWJI/P1ocHA==

tinypool@^1.0.1:
  version "1.0.2"
  resolved "https://registry.yarnpkg.com/tinypool/-/tinypool-1.0.2.tgz#706193cc532f4c100f66aa00b01c42173d9051b2"
  integrity sha512-al6n+QEANGFOMf/dmUMsuS5/r9B06uwlyNjZZql/zv8J7ybHCgoihBNORZCY2mzUuAnomQa2JdhyHKzZxPCrFA==

tinyrainbow@^1.2.0:
  version "1.2.0"
  resolved "https://registry.yarnpkg.com/tinyrainbow/-/tinyrainbow-1.2.0.tgz#5c57d2fc0fb3d1afd78465c33ca885d04f02abb5"
  integrity sha512-weEDEq7Z5eTHPDh4xjX789+fHfF+P8boiFB+0vbWzpbnbsEr/GRaohi/uMKxg8RZMXnl1ItAi/IUHWMsjDV7kQ==

tinyspy@^3.0.2:
  version "3.0.2"
  resolved "https://registry.yarnpkg.com/tinyspy/-/tinyspy-3.0.2.tgz#86dd3cf3d737b15adcf17d7887c84a75201df20a"
  integrity sha512-n1cw8k1k0x4pgA2+9XrOkFydTerNcJ1zWCO5Nn9scWHTD+5tp8dghT2x1uduQePZTZgd3Tupf+x9BxJjeJi77Q==

tsconfck@^3.0.3:
  version "3.1.4"
  resolved "https://registry.yarnpkg.com/tsconfck/-/tsconfck-3.1.4.tgz#de01a15334962e2feb526824339b51be26712229"
  integrity sha512-kdqWFGVJqe+KGYvlSO9NIaWn9jT1Ny4oKVzAJsKii5eoE9snzTJzL4+MMVOMn+fikWGFmKEylcXL710V/kIPJQ==

typescript@^5.8.3:
  version "5.8.3"
  resolved "https://registry.yarnpkg.com/typescript/-/typescript-5.8.3.tgz#92f8a3e5e3cf497356f4178c34cd65a7f5e8440e"
  integrity sha512-p1diW6TqL9L07nNxvRMM7hMMw4c5XOo/1ibL4aAIGmSAt9slTE1Xgw5KWuof2uTOvCg9BY7ZRi+GaF+7sfgPeQ==

vite-node@2.1.9:
  version "2.1.9"
  resolved "https://registry.yarnpkg.com/vite-node/-/vite-node-2.1.9.tgz#549710f76a643f1c39ef34bdb5493a944e4f895f"
  integrity sha512-AM9aQ/IPrW/6ENLQg3AGY4K1N2TGZdR5e4gu/MmmR2xR3Ll1+dib+nook92g4TV3PXVyeyxdWwtaCAiUL0hMxA==
  dependencies:
    cac "^6.7.14"
    debug "^4.3.7"
    es-module-lexer "^1.5.4"
    pathe "^1.1.2"
    vite "^5.0.0"

vite-tsconfig-paths@^4.3.2:
  version "4.3.2"
  resolved "https://registry.yarnpkg.com/vite-tsconfig-paths/-/vite-tsconfig-paths-4.3.2.tgz#321f02e4b736a90ff62f9086467faf4e2da857a9"
  integrity sha512-0Vd/a6po6Q+86rPlntHye7F31zA2URZMbH8M3saAZ/xR9QoGN/L21bxEGfXdWmFdNkqPpRdxFT7nmNe12e9/uA==
  dependencies:
    debug "^4.1.1"
    globrex "^0.1.2"
    tsconfck "^3.0.3"

vite@^5.0.0:
  version "5.4.17"
  resolved "https://registry.yarnpkg.com/vite/-/vite-5.4.17.tgz#4bf61dd4cdbf64b0d6661f5dba76954cc81d5082"
  integrity sha512-5+VqZryDj4wgCs55o9Lp+p8GE78TLVg0lasCH5xFZ4jacZjtqZa6JUw9/p0WeAojaOfncSM6v77InkFPGnvPvg==
  dependencies:
    esbuild "^0.21.3"
    postcss "^8.4.43"
    rollup "^4.20.0"
  optionalDependencies:
    fsevents "~2.3.3"

vitest@^2.1.9:
  version "2.1.9"
  resolved "https://registry.yarnpkg.com/vitest/-/vitest-2.1.9.tgz#7d01ffd07a553a51c87170b5e80fea3da7fb41e7"
  integrity sha512-MSmPM9REYqDGBI8439mA4mWhV5sKmDlBKWIYbA3lRb2PTHACE0mgKwA8yQ2xq9vxDTuk4iPrECBAEW2aoFXY0Q==
  dependencies:
    "@vitest/expect" "2.1.9"
    "@vitest/mocker" "2.1.9"
    "@vitest/pretty-format" "^2.1.9"
    "@vitest/runner" "2.1.9"
    "@vitest/snapshot" "2.1.9"
    "@vitest/spy" "2.1.9"
    "@vitest/utils" "2.1.9"
    chai "^5.1.2"
    debug "^4.3.7"
    expect-type "^1.1.0"
    magic-string "^0.30.12"
    pathe "^1.1.2"
    std-env "^3.8.0"
    tinybench "^2.9.0"
    tinyexec "^0.3.1"
    tinypool "^1.0.1"
    tinyrainbow "^1.2.0"
    vite "^5.0.0"
    vite-node "2.1.9"
    why-is-node-running "^2.3.0"

w3c-keyname@^2.2.4:
  version "2.2.8"
  resolved "https://registry.yarnpkg.com/w3c-keyname/-/w3c-keyname-2.2.8.tgz#7b17c8c6883d4e8b86ac8aba79d39e880f8869c5"
  integrity sha512-dpojBhNsCNN7T82Tm7k26A6G9ML3NkhDsnw9n/eoxSRlVBB4CEtIQ/KTCLI2Fwf3ataSXRhYFkQi3SlnFwPvPQ==

why-is-node-running@^2.3.0:
  version "2.3.0"
  resolved "https://registry.yarnpkg.com/why-is-node-running/-/why-is-node-running-2.3.0.tgz#a3f69a97107f494b3cdc3bdddd883a7d65cebf04"
  integrity sha512-hUrmaWBdVDcxvYqnyh09zunKzROWjbZTiNy8dBEjkS7ehEDQibXJ7XvlmtbwuTclUiIyN+CyXQD4Vmko8fNm8w==
  dependencies:
    siginfo "^2.0.0"
    stackback "0.0.2"
